PODS:
  - Aspects (1.4.1)
  - LZCommonSDK (2.1.3):
    - Aspects
    - RegexKitLite
    - SDAutoLayout
    - SSKeychain
  - RegexKitLite (4.0)
  - SDAutoLayout (2.2.1)
  - SSKeychain (1.4.1)

DEPENDENCIES:
  - LZCommonSDK (from `../`)

SPEC REPOS:
  https://github.com/cocoapods/specs.git:
    - Aspects
    - RegexKitLite
    - SDAutoLayout
    - SSKeychain

EXTERNAL SOURCES:
  LZCommonSDK:
    :path: "../"

SPEC CHECKSUMS:
  Aspects: 7595ba96a6727a58ebcbfc954497fc5d2fdde546
  LZCommonSDK: ab4e61a408adc92b0e40b330b4f991e0894984a1
  RegexKitLite: c0e4c12e6e7de0769f3a3ed679f0f61604170661
  SDAutoLayout: 8bf6b3bbc8b01f775d4defbb4fda2ace805461be
  SSKeychain: 55cc80f66f5c73da827e3077f02e43528897db41

PODFILE CHECKSUM: 94bab22ef628e384afd0a8687b767ace6fec8150

COCOAPODS: 1.5.2
