// !$*UTF8*$!
{
	archiveVersion = 1;
	classes = {
	};
	objectVersion = 50;
	objects = {

/* Begin PBXBuildFile section */
		48E1B6D2212BA03900259939 /* Podfile in Resources */ = {isa = PBXBuildFile; fileRef = 48E1B6D1212BA03900259939 /* Podfile */; };
		48E3C4CB212AAF1300D6FAE2 /* AppDelegate.m in Sources */ = {isa = PBXBuildFile; fileRef = 48E3C4CA212AAF1300D6FAE2 /* AppDelegate.m */; };
		48E3C4CE212AAF1300D6FAE2 /* ViewController.m in Sources */ = {isa = PBXBuildFile; fileRef = 48E3C4CD212AAF1300D6FAE2 /* ViewController.m */; };
		48E3C4D1212AAF1300D6FAE2 /* Main.storyboard in Resources */ = {isa = PBXBuildFile; fileRef = 48E3C4CF212AAF1300D6FAE2 /* Main.storyboard */; };
		48E3C4D3212AAF1400D6FAE2 /* Assets.xcassets in Resources */ = {isa = PBXBuildFile; fileRef = 48E3C4D2212AAF1400D6FAE2 /* Assets.xcassets */; };
		48E3C4D6212AAF1400D6FAE2 /* LaunchScreen.storyboard in Resources */ = {isa = PBXBuildFile; fileRef = 48E3C4D4212AAF1400D6FAE2 /* LaunchScreen.storyboard */; };
		48E3C4D9212AAF1400D6FAE2 /* main.m in Sources */ = {isa = PBXBuildFile; fileRef = 48E3C4D8212AAF1400D6FAE2 /* main.m */; };
		4EDD0D9666FE33E4FCAA2768 /* libPods-LZCommonSDKDemo.a in Frameworks */ = {isa = PBXBuildFile; fileRef = 64F24F15A18805CFE95CF804 /* libPods-LZCommonSDKDemo.a */; };
/* End PBXBuildFile section */

/* Begin PBXFileReference section */
		48E1B6D1212BA03900259939 /* Podfile */ = {isa = PBXFileReference; fileEncoding = 4; lastKnownFileType = text; path = Podfile; sourceTree = SOURCE_ROOT; };
		48E3C4C6212AAF1300D6FAE2 /* LZCommonSDKDemo.app */ = {isa = PBXFileReference; explicitFileType = wrapper.application; includeInIndex = 0; path = LZCommonSDKDemo.app; sourceTree = BUILT_PRODUCTS_DIR; };
		48E3C4C9212AAF1300D6FAE2 /* AppDelegate.h */ = {isa = PBXFileReference; lastKnownFileType = sourcecode.c.h; path = AppDelegate.h; sourceTree = "<group>"; };
		48E3C4CA212AAF1300D6FAE2 /* AppDelegate.m */ = {isa = PBXFileReference; lastKnownFileType = sourcecode.c.objc; path = AppDelegate.m; sourceTree = "<group>"; };
		48E3C4CC212AAF1300D6FAE2 /* ViewController.h */ = {isa = PBXFileReference; lastKnownFileType = sourcecode.c.h; path = ViewController.h; sourceTree = "<group>"; };
		48E3C4CD212AAF1300D6FAE2 /* ViewController.m */ = {isa = PBXFileReference; lastKnownFileType = sourcecode.c.objc; path = ViewController.m; sourceTree = "<group>"; };
		48E3C4D0212AAF1300D6FAE2 /* Base */ = {isa = PBXFileReference; lastKnownFileType = file.storyboard; name = Base; path = Base.lproj/Main.storyboard; sourceTree = "<group>"; };
		48E3C4D2212AAF1400D6FAE2 /* Assets.xcassets */ = {isa = PBXFileReference; lastKnownFileType = folder.assetcatalog; path = Assets.xcassets; sourceTree = "<group>"; };
		48E3C4D5212AAF1400D6FAE2 /* Base */ = {isa = PBXFileReference; lastKnownFileType = file.storyboard; name = Base; path = Base.lproj/LaunchScreen.storyboard; sourceTree = "<group>"; };
		48E3C4D7212AAF1400D6FAE2 /* Info.plist */ = {isa = PBXFileReference; lastKnownFileType = text.plist.xml; path = Info.plist; sourceTree = "<group>"; };
		48E3C4D8212AAF1400D6FAE2 /* main.m */ = {isa = PBXFileReference; lastKnownFileType = sourcecode.c.objc; path = main.m; sourceTree = "<group>"; };
		5B7CC8CC4C43A7B086CF1075 /* Pods-LZCommonSDKDemo.debug.xcconfig */ = {isa = PBXFileReference; includeInIndex = 1; lastKnownFileType = text.xcconfig; name = "Pods-LZCommonSDKDemo.debug.xcconfig"; path = "Pods/Target Support Files/Pods-LZCommonSDKDemo/Pods-LZCommonSDKDemo.debug.xcconfig"; sourceTree = "<group>"; };
		64F24F15A18805CFE95CF804 /* libPods-LZCommonSDKDemo.a */ = {isa = PBXFileReference; explicitFileType = archive.ar; includeInIndex = 0; path = "libPods-LZCommonSDKDemo.a"; sourceTree = BUILT_PRODUCTS_DIR; };
		798447D142B1A731780EA23D /* Pods-LZCommonSDKDemo.release.xcconfig */ = {isa = PBXFileReference; includeInIndex = 1; lastKnownFileType = text.xcconfig; name = "Pods-LZCommonSDKDemo.release.xcconfig"; path = "Pods/Target Support Files/Pods-LZCommonSDKDemo/Pods-LZCommonSDKDemo.release.xcconfig"; sourceTree = "<group>"; };
/* End PBXFileReference section */

/* Begin PBXFrameworksBuildPhase section */
		48E3C4C3212AAF1300D6FAE2 /* Frameworks */ = {
			isa = PBXFrameworksBuildPhase;
			buildActionMask = 2147483647;
			files = (
				4EDD0D9666FE33E4FCAA2768 /* libPods-LZCommonSDKDemo.a in Frameworks */,
			);
			runOnlyForDeploymentPostprocessing = 0;
		};
/* End PBXFrameworksBuildPhase section */

/* Begin PBXGroup section */
		3B200C16D39CCD2836EAD6AD /* Pods */ = {
			isa = PBXGroup;
			children = (
				5B7CC8CC4C43A7B086CF1075 /* Pods-LZCommonSDKDemo.debug.xcconfig */,
				798447D142B1A731780EA23D /* Pods-LZCommonSDKDemo.release.xcconfig */,
			);
			name = Pods;
			sourceTree = "<group>";
		};
		48E3C4BD212AAF1300D6FAE2 = {
			isa = PBXGroup;
			children = (
				48E3C4C8212AAF1300D6FAE2 /* LZCommonSDKDemo */,
				48E3C4C7212AAF1300D6FAE2 /* Products */,
				3B200C16D39CCD2836EAD6AD /* Pods */,
				6EC550051F52539C51BD42A4 /* Frameworks */,
			);
			sourceTree = "<group>";
		};
		48E3C4C7212AAF1300D6FAE2 /* Products */ = {
			isa = PBXGroup;
			children = (
				48E3C4C6212AAF1300D6FAE2 /* LZCommonSDKDemo.app */,
			);
			name = Products;
			sourceTree = "<group>";
		};
		48E3C4C8212AAF1300D6FAE2 /* LZCommonSDKDemo */ = {
			isa = PBXGroup;
			children = (
				48E3C4C9212AAF1300D6FAE2 /* AppDelegate.h */,
				48E3C4CA212AAF1300D6FAE2 /* AppDelegate.m */,
				48E3C4CC212AAF1300D6FAE2 /* ViewController.h */,
				48E3C4CD212AAF1300D6FAE2 /* ViewController.m */,
				48E3C4CF212AAF1300D6FAE2 /* Main.storyboard */,
				48E3C4D2212AAF1400D6FAE2 /* Assets.xcassets */,
				48E3C4D4212AAF1400D6FAE2 /* LaunchScreen.storyboard */,
				48E3C4D7212AAF1400D6FAE2 /* Info.plist */,
				48E3C4D8212AAF1400D6FAE2 /* main.m */,
				48E1B6D1212BA03900259939 /* Podfile */,
			);
			path = LZCommonSDKDemo;
			sourceTree = "<group>";
		};
		6EC550051F52539C51BD42A4 /* Frameworks */ = {
			isa = PBXGroup;
			children = (
				64F24F15A18805CFE95CF804 /* libPods-LZCommonSDKDemo.a */,
			);
			name = Frameworks;
			sourceTree = "<group>";
		};
/* End PBXGroup section */

/* Begin PBXNativeTarget section */
		48E3C4C5212AAF1300D6FAE2 /* LZCommonSDKDemo */ = {
			isa = PBXNativeTarget;
			buildConfigurationList = 48E3C4DC212AAF1400D6FAE2 /* Build configuration list for PBXNativeTarget "LZCommonSDKDemo" */;
			buildPhases = (
				93E0C728CFB30123BC9D0A1B /* [CP] Check Pods Manifest.lock */,
				48E3C4C2212AAF1300D6FAE2 /* Sources */,
				48E3C4C3212AAF1300D6FAE2 /* Frameworks */,
				48E3C4C4212AAF1300D6FAE2 /* Resources */,
				4B48F760B6E17D20AC82FBF1 /* [CP] Copy Pods Resources */,
			);
			buildRules = (
			);
			dependencies = (
			);
			name = LZCommonSDKDemo;
			productName = LZCommonSDKDemo;
			productReference = 48E3C4C6212AAF1300D6FAE2 /* LZCommonSDKDemo.app */;
			productType = "com.apple.product-type.application";
		};
/* End PBXNativeTarget section */

/* Begin PBXProject section */
		48E3C4BE212AAF1300D6FAE2 /* Project object */ = {
			isa = PBXProject;
			attributes = {
				LastUpgradeCheck = 0930;
				ORGANIZATIONNAME = zhenwei;
				TargetAttributes = {
					48E3C4C5212AAF1300D6FAE2 = {
						CreatedOnToolsVersion = 9.3.1;
					};
				};
			};
			buildConfigurationList = 48E3C4C1212AAF1300D6FAE2 /* Build configuration list for PBXProject "LZCommonSDKDemo" */;
			compatibilityVersion = "Xcode 9.3";
			developmentRegion = en;
			hasScannedForEncodings = 0;
			knownRegions = (
				en,
				Base,
			);
			mainGroup = 48E3C4BD212AAF1300D6FAE2;
			productRefGroup = 48E3C4C7212AAF1300D6FAE2 /* Products */;
			projectDirPath = "";
			projectRoot = "";
			targets = (
				48E3C4C5212AAF1300D6FAE2 /* LZCommonSDKDemo */,
			);
		};
/* End PBXProject section */

/* Begin PBXResourcesBuildPhase section */
		48E3C4C4212AAF1300D6FAE2 /* Resources */ = {
			isa = PBXResourcesBuildPhase;
			buildActionMask = 2147483647;
			files = (
				48E1B6D2212BA03900259939 /* Podfile in Resources */,
				48E3C4D6212AAF1400D6FAE2 /* LaunchScreen.storyboard in Resources */,
				48E3C4D3212AAF1400D6FAE2 /* Assets.xcassets in Resources */,
				48E3C4D1212AAF1300D6FAE2 /* Main.storyboard in Resources */,
			);
			runOnlyForDeploymentPostprocessing = 0;
		};
/* End PBXResourcesBuildPhase section */

/* Begin PBXShellScriptBuildPhase section */
		4B48F760B6E17D20AC82FBF1 /* [CP] Copy Pods Resources */ = {
			isa = PBXShellScriptBuildPhase;
			buildActionMask = 2147483647;
			files = (
			);
			inputPaths = (
				"${SRCROOT}/Pods/Target Support Files/Pods-LZCommonSDKDemo/Pods-LZCommonSDKDemo-resources.sh",
				"${PODS_ROOT}/SVProgressHUD/SVProgressHUD/SVProgressHUD.bundle",
			);
			name = "[CP] Copy Pods Resources";
			outputPaths = (
				"${TARGET_BUILD_DIR}/${UNLOCALIZED_RESOURCES_FOLDER_PATH}/SVProgressHUD.bundle",
			);
			runOnlyForDeploymentPostprocessing = 0;
			shellPath = /bin/sh;
			shellScript = "\"${SRCROOT}/Pods/Target Support Files/Pods-LZCommonSDKDemo/Pods-LZCommonSDKDemo-resources.sh\"\n";
			showEnvVarsInLog = 0;
		};
		93E0C728CFB30123BC9D0A1B /* [CP] Check Pods Manifest.lock */ = {
			isa = PBXShellScriptBuildPhase;
			buildActionMask = 2147483647;
			files = (
			);
			inputPaths = (
				"${PODS_PODFILE_DIR_PATH}/Podfile.lock",
				"${PODS_ROOT}/Manifest.lock",
			);
			name = "[CP] Check Pods Manifest.lock";
			outputPaths = (
				"$(DERIVED_FILE_DIR)/Pods-LZCommonSDKDemo-checkManifestLockResult.txt",
			);
			runOnlyForDeploymentPostprocessing = 0;
			shellPath = /bin/sh;
			shellScript = "diff \"${PODS_PODFILE_DIR_PATH}/Podfile.lock\" \"${PODS_ROOT}/Manifest.lock\" > /dev/null\nif [ $? != 0 ] ; then\n    # print error to STDERR\n    echo \"error: The sandbox is not in sync with the Podfile.lock. Run 'pod install' or update your CocoaPods installation.\" >&2\n    exit 1\nfi\n# This output is used by Xcode 'outputs' to avoid re-running this script phase.\necho \"SUCCESS\" > \"${SCRIPT_OUTPUT_FILE_0}\"\n";
			showEnvVarsInLog = 0;
		};
/* End PBXShellScriptBuildPhase section */

/* Begin PBXSourcesBuildPhase section */
		48E3C4C2212AAF1300D6FAE2 /* Sources */ = {
			isa = PBXSourcesBuildPhase;
			buildActionMask = 2147483647;
			files = (
				48E3C4CE212AAF1300D6FAE2 /* ViewController.m in Sources */,
				48E3C4D9212AAF1400D6FAE2 /* main.m in Sources */,
				48E3C4CB212AAF1300D6FAE2 /* AppDelegate.m in Sources */,
			);
			runOnlyForDeploymentPostprocessing = 0;
		};
/* End PBXSourcesBuildPhase section */

/* Begin PBXVariantGroup section */
		48E3C4CF212AAF1300D6FAE2 /* Main.storyboard */ = {
			isa = PBXVariantGroup;
			children = (
				48E3C4D0212AAF1300D6FAE2 /* Base */,
			);
			name = Main.storyboard;
			sourceTree = "<group>";
		};
		48E3C4D4212AAF1400D6FAE2 /* LaunchScreen.storyboard */ = {
			isa = PBXVariantGroup;
			children = (
				48E3C4D5212AAF1400D6FAE2 /* Base */,
			);
			name = LaunchScreen.storyboard;
			sourceTree = "<group>";
		};
/* End PBXVariantGroup section */

/* Begin XCBuildConfiguration section */
		48E3C4DA212AAF1400D6FAE2 /* Debug */ = {
			isa = XCBuildConfiguration;
			buildSettings = {
				ALWAYS_SEARCH_USER_PATHS = NO;
				CLANG_ANALYZER_NONNULL = YES;
				CLANG_ANALYZER_NUMBER_OBJECT_CONVERSION = YES_AGGRESSIVE;
				CLANG_CXX_LANGUAGE_STANDARD = "gnu++14";
				CLANG_CXX_LIBRARY = "libc++";
				CLANG_ENABLE_MODULES = YES;
				CLANG_ENABLE_OBJC_ARC = YES;
				CLANG_ENABLE_OBJC_WEAK = YES;
				CLANG_WARN_BLOCK_CAPTURE_AUTORELEASING = YES;
				CLANG_WARN_BOOL_CONVERSION = YES;
				CLANG_WARN_COMMA = YES;
				CLANG_WARN_CONSTANT_CONVERSION = YES;
				CLANG_WARN_DEPRECATED_OBJC_IMPLEMENTATIONS = YES;
				CLANG_WARN_DIRECT_OBJC_ISA_USAGE = YES_ERROR;
				CLANG_WARN_DOCUMENTATION_COMMENTS = YES;
				CLANG_WARN_EMPTY_BODY = YES;
				CLANG_WARN_ENUM_CONVERSION = YES;
				CLANG_WARN_INFINITE_RECURSION = YES;
				CLANG_WARN_INT_CONVERSION = YES;
				CLANG_WARN_NON_LITERAL_NULL_CONVERSION = YES;
				CLANG_WARN_OBJC_IMPLICIT_RETAIN_SELF = YES;
				CLANG_WARN_OBJC_LITERAL_CONVERSION = YES;
				CLANG_WARN_OBJC_ROOT_CLASS = YES_ERROR;
				CLANG_WARN_RANGE_LOOP_ANALYSIS = YES;
				CLANG_WARN_STRICT_PROTOTYPES = YES;
				CLANG_WARN_SUSPICIOUS_MOVE = YES;
				CLANG_WARN_UNGUARDED_AVAILABILITY = YES_AGGRESSIVE;
				CLANG_WARN_UNREACHABLE_CODE = YES;
				CLANG_WARN__DUPLICATE_METHOD_MATCH = YES;
				CODE_SIGN_IDENTITY = "iPhone Developer";
				COPY_PHASE_STRIP = NO;
				DEBUG_INFORMATION_FORMAT = dwarf;
				ENABLE_STRICT_OBJC_MSGSEND = YES;
				ENABLE_TESTABILITY = YES;
				GCC_C_LANGUAGE_STANDARD = gnu11;
				GCC_DYNAMIC_NO_PIC = NO;
				GCC_NO_COMMON_BLOCKS = YES;
				GCC_OPTIMIZATION_LEVEL = 0;
				GCC_PREPROCESSOR_DEFINITIONS = (
					"DEBUG=1",
					"$(inherited)",
				);
				GCC_WARN_64_TO_32_BIT_CONVERSION = YES;
				GCC_WARN_ABOUT_RETURN_TYPE = YES_ERROR;
				GCC_WARN_UNDECLARED_SELECTOR = YES;
				GCC_WARN_UNINITIALIZED_AUTOS = YES_AGGRESSIVE;
				GCC_WARN_UNUSED_FUNCTION = YES;
				GCC_WARN_UNUSED_VARIABLE = YES;
				IPHONEOS_DEPLOYMENT_TARGET = 11.3;
				MTL_ENABLE_DEBUG_INFO = YES;
				ONLY_ACTIVE_ARCH = YES;
				SDKROOT = iphoneos;
			};
			name = Debug;
		};
		48E3C4DB212AAF1400D6FAE2 /* Release */ = {
			isa = XCBuildConfiguration;
			buildSettings = {
				ALWAYS_SEARCH_USER_PATHS = NO;
				CLANG_ANALYZER_NONNULL = YES;
				CLANG_ANALYZER_NUMBER_OBJECT_CONVERSION = YES_AGGRESSIVE;
				CLANG_CXX_LANGUAGE_STANDARD = "gnu++14";
				CLANG_CXX_LIBRARY = "libc++";
				CLANG_ENABLE_MODULES = YES;
				CLANG_ENABLE_OBJC_ARC = YES;
				CLANG_ENABLE_OBJC_WEAK = YES;
				CLANG_WARN_BLOCK_CAPTURE_AUTORELEASING = YES;
				CLANG_WARN_BOOL_CONVERSION = YES;
				CLANG_WARN_COMMA = YES;
				CLANG_WARN_CONSTANT_CONVERSION = YES;
				CLANG_WARN_DEPRECATED_OBJC_IMPLEMENTATIONS = YES;
				CLANG_WARN_DIRECT_OBJC_ISA_USAGE = YES_ERROR;
				CLANG_WARN_DOCUMENTATION_COMMENTS = YES;
				CLANG_WARN_EMPTY_BODY = YES;
				CLANG_WARN_ENUM_CONVERSION = YES;
				CLANG_WARN_INFINITE_RECURSION = YES;
				CLANG_WARN_INT_CONVERSION = YES;
				CLANG_WARN_NON_LITERAL_NULL_CONVERSION = YES;
				CLANG_WARN_OBJC_IMPLICIT_RETAIN_SELF = YES;
				CLANG_WARN_OBJC_LITERAL_CONVERSION = YES;
				CLANG_WARN_OBJC_ROOT_CLASS = YES_ERROR;
				CLANG_WARN_RANGE_LOOP_ANALYSIS = YES;
				CLANG_WARN_STRICT_PROTOTYPES = YES;
				CLANG_WARN_SUSPICIOUS_MOVE = YES;
				CLANG_WARN_UNGUARDED_AVAILABILITY = YES_AGGRESSIVE;
				CLANG_WARN_UNREACHABLE_CODE = YES;
				CLANG_WARN__DUPLICATE_METHOD_MATCH = YES;
				CODE_SIGN_IDENTITY = "iPhone Developer";
				COPY_PHASE_STRIP = NO;
				DEBUG_INFORMATION_FORMAT = "dwarf-with-dsym";
				ENABLE_NS_ASSERTIONS = NO;
				ENABLE_STRICT_OBJC_MSGSEND = YES;
				GCC_C_LANGUAGE_STANDARD = gnu11;
				GCC_NO_COMMON_BLOCKS = YES;
				GCC_WARN_64_TO_32_BIT_CONVERSION = YES;
				GCC_WARN_ABOUT_RETURN_TYPE = YES_ERROR;
				GCC_WARN_UNDECLARED_SELECTOR = YES;
				GCC_WARN_UNINITIALIZED_AUTOS = YES_AGGRESSIVE;
				GCC_WARN_UNUSED_FUNCTION = YES;
				GCC_WARN_UNUSED_VARIABLE = YES;
				IPHONEOS_DEPLOYMENT_TARGET = 11.3;
				MTL_ENABLE_DEBUG_INFO = NO;
				SDKROOT = iphoneos;
				VALIDATE_PRODUCT = YES;
			};
			name = Release;
		};
		48E3C4DD212AAF1400D6FAE2 /* Debug */ = {
			isa = XCBuildConfiguration;
			baseConfigurationReference = 5B7CC8CC4C43A7B086CF1075 /* Pods-LZCommonSDKDemo.debug.xcconfig */;
			buildSettings = {
				ASSETCATALOG_COMPILER_APPICON_NAME = AppIcon;
				CODE_SIGN_STYLE = Automatic;
				DEVELOPMENT_TEAM = GY5979G82V;
				INFOPLIST_FILE = LZCommonSDKDemo/Info.plist;
				LD_RUNPATH_SEARCH_PATHS = (
					"$(inherited)",
					"@executable_path/Frameworks",
				);
				PRODUCT_BUNDLE_IDENTIFIER = zhenwei.LZCommonSDKDemo;
				PRODUCT_NAME = "$(TARGET_NAME)";
				TARGETED_DEVICE_FAMILY = "1,2";
			};
			name = Debug;
		};
		48E3C4DE212AAF1400D6FAE2 /* Release */ = {
			isa = XCBuildConfiguration;
			baseConfigurationReference = 798447D142B1A731780EA23D /* Pods-LZCommonSDKDemo.release.xcconfig */;
			buildSettings = {
				ASSETCATALOG_COMPILER_APPICON_NAME = AppIcon;
				CODE_SIGN_STYLE = Automatic;
				DEVELOPMENT_TEAM = GY5979G82V;
				INFOPLIST_FILE = LZCommonSDKDemo/Info.plist;
				LD_RUNPATH_SEARCH_PATHS = (
					"$(inherited)",
					"@executable_path/Frameworks",
				);
				PRODUCT_BUNDLE_IDENTIFIER = zhenwei.LZCommonSDKDemo;
				PRODUCT_NAME = "$(TARGET_NAME)";
				TARGETED_DEVICE_FAMILY = "1,2";
			};
			name = Release;
		};
/* End XCBuildConfiguration section */

/* Begin XCConfigurationList section */
		48E3C4C1212AAF1300D6FAE2 /* Build configuration list for PBXProject "LZCommonSDKDemo" */ = {
			isa = XCConfigurationList;
			buildConfigurations = (
				48E3C4DA212AAF1400D6FAE2 /* Debug */,
				48E3C4DB212AAF1400D6FAE2 /* Release */,
			);
			defaultConfigurationIsVisible = 0;
			defaultConfigurationName = Release;
		};
		48E3C4DC212AAF1400D6FAE2 /* Build configuration list for PBXNativeTarget "LZCommonSDKDemo" */ = {
			isa = XCConfigurationList;
			buildConfigurations = (
				48E3C4DD212AAF1400D6FAE2 /* Debug */,
				48E3C4DE212AAF1400D6FAE2 /* Release */,
			);
			defaultConfigurationIsVisible = 0;
			defaultConfigurationName = Release;
		};
/* End XCConfigurationList section */
	};
	rootObject = 48E3C4BE212AAF1300D6FAE2 /* Project object */;
}
