// !$*UTF8*$!
{
	archiveVersion = 1;
	classes = {
	};
	objectVersion = 50;
	objects = {

/* Begin PBXBuildFile section */
		4898EF6F212AC1AF006E225D /* libAspects.a in Frameworks */ = {isa = PBXBuildFile; fileRef = 4898EF6E212AC1AF006E225D /* libAspects.a */; };
		48E3C4A5212A95E100D6FAE2 /* AppDelegate.m in Sources */ = {isa = PBXBuildFile; fileRef = 48E3C4A4212A95E100D6FAE2 /* AppDelegate.m */; };
		48E3C4A8212A95E200D6FAE2 /* ViewController.m in Sources */ = {isa = PBXBuildFile; fileRef = 48E3C4A7212A95E200D6FAE2 /* ViewController.m */; };
		48E3C4AB212A95E200D6FAE2 /* Main.storyboard in Resources */ = {isa = PBXBuildFile; fileRef = 48E3C4A9212A95E200D6FAE2 /* Main.storyboard */; };
		48E3C4AD212A95E300D6FAE2 /* Assets.xcassets in Resources */ = {isa = PBXBuildFile; fileRef = 48E3C4AC212A95E300D6FAE2 /* Assets.xcassets */; };
		48E3C4B0212A95E300D6FAE2 /* LaunchScreen.storyboard in Resources */ = {isa = PBXBuildFile; fileRef = 48E3C4AE212A95E300D6FAE2 /* LaunchScreen.storyboard */; };
		48E3C4B3212A95E400D6FAE2 /* main.m in Sources */ = {isa = PBXBuildFile; fileRef = 48E3C4B2212A95E400D6FAE2 /* main.m */; };
		48E3C4BA212AA26500D6FAE2 /* LZCommonSDK.podspec in Resources */ = {isa = PBXBuildFile; fileRef = 48E3C4B9212AA26500D6FAE2 /* LZCommonSDK.podspec */; };
		48E3C4E0212AAFF600D6FAE2 /* Podfile in Resources */ = {isa = PBXBuildFile; fileRef = 48E3C4DF212AAFF600D6FAE2 /* Podfile */; };
		E28AAF6BA1D367BA8224D4D8 /* libPods-LZCommonSDK.a in Frameworks */ = {isa = PBXBuildFile; fileRef = 91DE5AD76EB7AF67337DE318 /* libPods-LZCommonSDK.a */; };
/* End PBXBuildFile section */

/* Begin PBXFileReference section */
		4844048F212C0A880018A713 /* LZCommonSDK.h */ = {isa = PBXFileReference; lastKnownFileType = sourcecode.c.h; path = LZCommonSDK.h; sourceTree = "<group>"; };
		4898EF6E212AC1AF006E225D /* libAspects.a */ = {isa = PBXFileReference; explicitFileType = archive.ar; path = libAspects.a; sourceTree = BUILT_PRODUCTS_DIR; };
		48E3C4A0212A95E100D6FAE2 /* LZCommonSDK.app */ = {isa = PBXFileReference; explicitFileType = wrapper.application; includeInIndex = 0; path = LZCommonSDK.app; sourceTree = BUILT_PRODUCTS_DIR; };
		48E3C4A3212A95E100D6FAE2 /* AppDelegate.h */ = {isa = PBXFileReference; lastKnownFileType = sourcecode.c.h; path = AppDelegate.h; sourceTree = "<group>"; };
		48E3C4A4212A95E100D6FAE2 /* AppDelegate.m */ = {isa = PBXFileReference; lastKnownFileType = sourcecode.c.objc; path = AppDelegate.m; sourceTree = "<group>"; };
		48E3C4A6212A95E200D6FAE2 /* ViewController.h */ = {isa = PBXFileReference; lastKnownFileType = sourcecode.c.h; path = ViewController.h; sourceTree = "<group>"; };
		48E3C4A7212A95E200D6FAE2 /* ViewController.m */ = {isa = PBXFileReference; lastKnownFileType = sourcecode.c.objc; path = ViewController.m; sourceTree = "<group>"; };
		48E3C4AA212A95E200D6FAE2 /* Base */ = {isa = PBXFileReference; lastKnownFileType = file.storyboard; name = Base; path = Base.lproj/Main.storyboard; sourceTree = "<group>"; };
		48E3C4AC212A95E300D6FAE2 /* Assets.xcassets */ = {isa = PBXFileReference; lastKnownFileType = folder.assetcatalog; path = Assets.xcassets; sourceTree = "<group>"; };
		48E3C4AF212A95E300D6FAE2 /* Base */ = {isa = PBXFileReference; lastKnownFileType = file.storyboard; name = Base; path = Base.lproj/LaunchScreen.storyboard; sourceTree = "<group>"; };
		48E3C4B1212A95E300D6FAE2 /* Info.plist */ = {isa = PBXFileReference; lastKnownFileType = text.plist.xml; path = Info.plist; sourceTree = "<group>"; };
		48E3C4B2212A95E400D6FAE2 /* main.m */ = {isa = PBXFileReference; lastKnownFileType = sourcecode.c.objc; path = main.m; sourceTree = "<group>"; };
		48E3C4B9212AA26500D6FAE2 /* LZCommonSDK.podspec */ = {isa = PBXFileReference; fileEncoding = 4; lastKnownFileType = text; name = LZCommonSDK.podspec; path = ../../LZCommonSDK.podspec; sourceTree = "<group>"; };
		48E3C4BC212AA3E100D6FAE2 /* LZMacroDefine.h */ = {isa = PBXFileReference; lastKnownFileType = sourcecode.c.h; path = LZMacroDefine.h; sourceTree = "<group>"; };
		48E3C4DF212AAFF600D6FAE2 /* Podfile */ = {isa = PBXFileReference; fileEncoding = 4; lastKnownFileType = text; path = Podfile; sourceTree = SOURCE_ROOT; xcLanguageSpecificationIdentifier = xcode.lang.ruby; };
		48E3C583212AB82E00D6FAE2 /* LZCommonSDK-Prefix.pch */ = {isa = PBXFileReference; lastKnownFileType = sourcecode.c.h; path = "LZCommonSDK-Prefix.pch"; sourceTree = "<group>"; };
		6614E53D96524DC4BB3DB801 /* Pods-LZCommonSDK.release.xcconfig */ = {isa = PBXFileReference; includeInIndex = 1; lastKnownFileType = text.xcconfig; name = "Pods-LZCommonSDK.release.xcconfig"; path = "Pods/Target Support Files/Pods-LZCommonSDK/Pods-LZCommonSDK.release.xcconfig"; sourceTree = "<group>"; };
		853A9CF5A80B191CB1532BB1 /* Pods-LZCommonSDK.debug.xcconfig */ = {isa = PBXFileReference; includeInIndex = 1; lastKnownFileType = text.xcconfig; name = "Pods-LZCommonSDK.debug.xcconfig"; path = "Pods/Target Support Files/Pods-LZCommonSDK/Pods-LZCommonSDK.debug.xcconfig"; sourceTree = "<group>"; };
		91DE5AD76EB7AF67337DE318 /* libPods-LZCommonSDK.a */ = {isa = PBXFileReference; explicitFileType = archive.ar; includeInIndex = 0; path = "libPods-LZCommonSDK.a"; sourceTree = BUILT_PRODUCTS_DIR; };
/* End PBXFileReference section */

/* Begin PBXFrameworksBuildPhase section */
		48E3C49D212A95E100D6FAE2 /* Frameworks */ = {
			isa = PBXFrameworksBuildPhase;
			buildActionMask = 2147483647;
			files = (
				4898EF6F212AC1AF006E225D /* libAspects.a in Frameworks */,
				E28AAF6BA1D367BA8224D4D8 /* libPods-LZCommonSDK.a in Frameworks */,
			);
			runOnlyForDeploymentPostprocessing = 0;
		};
/* End PBXFrameworksBuildPhase section */

/* Begin PBXGroup section */
		0289555860D875E20DDB7B85 /* Frameworks */ = {
			isa = PBXGroup;
			children = (
				4898EF6E212AC1AF006E225D /* libAspects.a */,
				91DE5AD76EB7AF67337DE318 /* libPods-LZCommonSDK.a */,
			);
			name = Frameworks;
			sourceTree = "<group>";
		};
		48E3C497212A95E100D6FAE2 = {
			isa = PBXGroup;
			children = (
				48E3C4A2212A95E100D6FAE2 /* LZCommonSDK */,
				48E3C4A1212A95E100D6FAE2 /* Products */,
				ED4EE6B8751F90B767E28100 /* Pods */,
				0289555860D875E20DDB7B85 /* Frameworks */,
			);
			sourceTree = "<group>";
		};
		48E3C4A1212A95E100D6FAE2 /* Products */ = {
			isa = PBXGroup;
			children = (
				48E3C4A0212A95E100D6FAE2 /* LZCommonSDK.app */,
			);
			name = Products;
			sourceTree = "<group>";
		};
		48E3C4A2212A95E100D6FAE2 /* LZCommonSDK */ = {
			isa = PBXGroup;
			children = (
				48E3C4A3212A95E100D6FAE2 /* AppDelegate.h */,
				48E3C4A4212A95E100D6FAE2 /* AppDelegate.m */,
				48E3C4A6212A95E200D6FAE2 /* ViewController.h */,
				48E3C4A7212A95E200D6FAE2 /* ViewController.m */,
				4844048F212C0A880018A713 /* LZCommonSDK.h */,
				48E3C4BB212AA37600D6FAE2 /* LZCommonSDK */,
				48E3C4A9212A95E200D6FAE2 /* Main.storyboard */,
				48E3C4AC212A95E300D6FAE2 /* Assets.xcassets */,
				48E3C583212AB82E00D6FAE2 /* LZCommonSDK-Prefix.pch */,
				48E3C4AE212A95E300D6FAE2 /* LaunchScreen.storyboard */,
				48E3C4B1212A95E300D6FAE2 /* Info.plist */,
				48E3C4B2212A95E400D6FAE2 /* main.m */,
				48E3C4DF212AAFF600D6FAE2 /* Podfile */,
				48E3C4B9212AA26500D6FAE2 /* LZCommonSDK.podspec */,
			);
			path = LZCommonSDK;
			sourceTree = "<group>";
		};
		48E3C4BB212AA37600D6FAE2 /* LZCommonSDK */ = {
			isa = PBXGroup;
			children = (
				48E3C587212ABB2C00D6FAE2 /* thirdParty */,
				48E3C4BC212AA3E100D6FAE2 /* LZMacroDefine.h */,
			);
			path = LZCommonSDK;
			sourceTree = "<group>";
		};
		48E3C587212ABB2C00D6FAE2 /* thirdParty */ = {
			isa = PBXGroup;
			children = (
			);
			path = thirdParty;
			sourceTree = "<group>";
		};
		ED4EE6B8751F90B767E28100 /* Pods */ = {
			isa = PBXGroup;
			children = (
				853A9CF5A80B191CB1532BB1 /* Pods-LZCommonSDK.debug.xcconfig */,
				6614E53D96524DC4BB3DB801 /* Pods-LZCommonSDK.release.xcconfig */,
			);
			name = Pods;
			sourceTree = "<group>";
		};
/* End PBXGroup section */

/* Begin PBXNativeTarget section */
		48E3C49F212A95E100D6FAE2 /* LZCommonSDK */ = {
			isa = PBXNativeTarget;
			buildConfigurationList = 48E3C4B6212A95E400D6FAE2 /* Build configuration list for PBXNativeTarget "LZCommonSDK" */;
			buildPhases = (
				D7323688AE9AB784DFBDB9D5 /* [CP] Check Pods Manifest.lock */,
				48E3C49C212A95E100D6FAE2 /* Sources */,
				48E3C49D212A95E100D6FAE2 /* Frameworks */,
				48E3C49E212A95E100D6FAE2 /* Resources */,
				01F568AC4EBF8C8B60B2ABB9 /* [CP] Copy Pods Resources */,
			);
			buildRules = (
			);
			dependencies = (
			);
			name = LZCommonSDK;
			productName = LZCommonSDK;
			productReference = 48E3C4A0212A95E100D6FAE2 /* LZCommonSDK.app */;
			productType = "com.apple.product-type.application";
		};
/* End PBXNativeTarget section */

/* Begin PBXProject section */
		48E3C498212A95E100D6FAE2 /* Project object */ = {
			isa = PBXProject;
			attributes = {
				LastUpgradeCheck = 0930;
				ORGANIZATIONNAME = zhenwei;
				TargetAttributes = {
					48E3C49F212A95E100D6FAE2 = {
						CreatedOnToolsVersion = 9.3.1;
					};
				};
			};
			buildConfigurationList = 48E3C49B212A95E100D6FAE2 /* Build configuration list for PBXProject "LZCommonSDK" */;
			compatibilityVersion = "Xcode 9.3";
			developmentRegion = en;
			hasScannedForEncodings = 0;
			knownRegions = (
				en,
				Base,
			);
			mainGroup = 48E3C497212A95E100D6FAE2;
			productRefGroup = 48E3C4A1212A95E100D6FAE2 /* Products */;
			projectDirPath = "";
			projectRoot = "";
			targets = (
				48E3C49F212A95E100D6FAE2 /* LZCommonSDK */,
			);
		};
/* End PBXProject section */

/* Begin PBXResourcesBuildPhase section */
		48E3C49E212A95E100D6FAE2 /* Resources */ = {
			isa = PBXResourcesBuildPhase;
			buildActionMask = 2147483647;
			files = (
				48E3C4E0212AAFF600D6FAE2 /* Podfile in Resources */,
				48E3C4BA212AA26500D6FAE2 /* LZCommonSDK.podspec in Resources */,
				48E3C4B0212A95E300D6FAE2 /* LaunchScreen.storyboard in Resources */,
				48E3C4AD212A95E300D6FAE2 /* Assets.xcassets in Resources */,
				48E3C4AB212A95E200D6FAE2 /* Main.storyboard in Resources */,
			);
			runOnlyForDeploymentPostprocessing = 0;
		};
/* End PBXResourcesBuildPhase section */

/* Begin PBXShellScriptBuildPhase section */
		01F568AC4EBF8C8B60B2ABB9 /* [CP] Copy Pods Resources */ = {
			isa = PBXShellScriptBuildPhase;
			buildActionMask = 2147483647;
			files = (
			);
			inputPaths = (
				"${SRCROOT}/Pods/Target Support Files/Pods-LZCommonSDK/Pods-LZCommonSDK-resources.sh",
				"${PODS_ROOT}/SSKeychain/Support/SSKeychain.bundle",
				"${PODS_ROOT}/SVProgressHUD/SVProgressHUD/SVProgressHUD.bundle",
			);
			name = "[CP] Copy Pods Resources";
			outputPaths = (
				"${TARGET_BUILD_DIR}/${UNLOCALIZED_RESOURCES_FOLDER_PATH}/SSKeychain.bundle",
				"${TARGET_BUILD_DIR}/${UNLOCALIZED_RESOURCES_FOLDER_PATH}/SVProgressHUD.bundle",
			);
			runOnlyForDeploymentPostprocessing = 0;
			shellPath = /bin/sh;
			shellScript = "\"${SRCROOT}/Pods/Target Support Files/Pods-LZCommonSDK/Pods-LZCommonSDK-resources.sh\"\n";
			showEnvVarsInLog = 0;
		};
		D7323688AE9AB784DFBDB9D5 /* [CP] Check Pods Manifest.lock */ = {
			isa = PBXShellScriptBuildPhase;
			buildActionMask = 2147483647;
			files = (
			);
			inputPaths = (
				"${PODS_PODFILE_DIR_PATH}/Podfile.lock",
				"${PODS_ROOT}/Manifest.lock",
			);
			name = "[CP] Check Pods Manifest.lock";
			outputPaths = (
				"$(DERIVED_FILE_DIR)/Pods-LZCommonSDK-checkManifestLockResult.txt",
			);
			runOnlyForDeploymentPostprocessing = 0;
			shellPath = /bin/sh;
			shellScript = "diff \"${PODS_PODFILE_DIR_PATH}/Podfile.lock\" \"${PODS_ROOT}/Manifest.lock\" > /dev/null\nif [ $? != 0 ] ; then\n    # print error to STDERR\n    echo \"error: The sandbox is not in sync with the Podfile.lock. Run 'pod install' or update your CocoaPods installation.\" >&2\n    exit 1\nfi\n# This output is used by Xcode 'outputs' to avoid re-running this script phase.\necho \"SUCCESS\" > \"${SCRIPT_OUTPUT_FILE_0}\"\n";
			showEnvVarsInLog = 0;
		};
/* End PBXShellScriptBuildPhase section */

/* Begin PBXSourcesBuildPhase section */
		48E3C49C212A95E100D6FAE2 /* Sources */ = {
			isa = PBXSourcesBuildPhase;
			buildActionMask = 2147483647;
			files = (
				48E3C4A8212A95E200D6FAE2 /* ViewController.m in Sources */,
				48E3C4B3212A95E400D6FAE2 /* main.m in Sources */,
				48E3C4A5212A95E100D6FAE2 /* AppDelegate.m in Sources */,
			);
			runOnlyForDeploymentPostprocessing = 0;
		};
/* End PBXSourcesBuildPhase section */

/* Begin PBXVariantGroup section */
		48E3C4A9212A95E200D6FAE2 /* Main.storyboard */ = {
			isa = PBXVariantGroup;
			children = (
				48E3C4AA212A95E200D6FAE2 /* Base */,
			);
			name = Main.storyboard;
			sourceTree = "<group>";
		};
		48E3C4AE212A95E300D6FAE2 /* LaunchScreen.storyboard */ = {
			isa = PBXVariantGroup;
			children = (
				48E3C4AF212A95E300D6FAE2 /* Base */,
			);
			name = LaunchScreen.storyboard;
			sourceTree = "<group>";
		};
/* End PBXVariantGroup section */

/* Begin XCBuildConfiguration section */
		48E3C4B4212A95E400D6FAE2 /* Debug */ = {
			isa = XCBuildConfiguration;
			buildSettings = {
				ALWAYS_SEARCH_USER_PATHS = NO;
				CLANG_ANALYZER_NONNULL = YES;
				CLANG_ANALYZER_NUMBER_OBJECT_CONVERSION = YES_AGGRESSIVE;
				CLANG_CXX_LANGUAGE_STANDARD = "gnu++14";
				CLANG_CXX_LIBRARY = "libc++";
				CLANG_ENABLE_MODULES = YES;
				CLANG_ENABLE_OBJC_ARC = YES;
				CLANG_ENABLE_OBJC_WEAK = YES;
				CLANG_WARN_BLOCK_CAPTURE_AUTORELEASING = YES;
				CLANG_WARN_BOOL_CONVERSION = YES;
				CLANG_WARN_COMMA = YES;
				CLANG_WARN_CONSTANT_CONVERSION = YES;
				CLANG_WARN_DEPRECATED_OBJC_IMPLEMENTATIONS = YES;
				CLANG_WARN_DIRECT_OBJC_ISA_USAGE = YES_ERROR;
				CLANG_WARN_DOCUMENTATION_COMMENTS = YES;
				CLANG_WARN_EMPTY_BODY = YES;
				CLANG_WARN_ENUM_CONVERSION = YES;
				CLANG_WARN_INFINITE_RECURSION = YES;
				CLANG_WARN_INT_CONVERSION = YES;
				CLANG_WARN_NON_LITERAL_NULL_CONVERSION = YES;
				CLANG_WARN_OBJC_IMPLICIT_RETAIN_SELF = YES;
				CLANG_WARN_OBJC_LITERAL_CONVERSION = YES;
				CLANG_WARN_OBJC_ROOT_CLASS = YES_ERROR;
				CLANG_WARN_RANGE_LOOP_ANALYSIS = YES;
				CLANG_WARN_STRICT_PROTOTYPES = YES;
				CLANG_WARN_SUSPICIOUS_MOVE = YES;
				CLANG_WARN_UNGUARDED_AVAILABILITY = YES_AGGRESSIVE;
				CLANG_WARN_UNREACHABLE_CODE = YES;
				CLANG_WARN__DUPLICATE_METHOD_MATCH = YES;
				CODE_SIGN_IDENTITY = "iPhone Developer";
				COPY_PHASE_STRIP = NO;
				DEBUG_INFORMATION_FORMAT = dwarf;
				ENABLE_STRICT_OBJC_MSGSEND = YES;
				ENABLE_TESTABILITY = YES;
				GCC_C_LANGUAGE_STANDARD = gnu11;
				GCC_DYNAMIC_NO_PIC = NO;
				GCC_NO_COMMON_BLOCKS = YES;
				GCC_OPTIMIZATION_LEVEL = 0;
				GCC_PREPROCESSOR_DEFINITIONS = (
					"DEBUG=1",
					"$(inherited)",
				);
				GCC_WARN_64_TO_32_BIT_CONVERSION = YES;
				GCC_WARN_ABOUT_RETURN_TYPE = YES_ERROR;
				GCC_WARN_UNDECLARED_SELECTOR = YES;
				GCC_WARN_UNINITIALIZED_AUTOS = YES_AGGRESSIVE;
				GCC_WARN_UNUSED_FUNCTION = YES;
				GCC_WARN_UNUSED_VARIABLE = YES;
				IPHONEOS_DEPLOYMENT_TARGET = 11.3;
				MTL_ENABLE_DEBUG_INFO = YES;
				ONLY_ACTIVE_ARCH = YES;
				SDKROOT = iphoneos;
			};
			name = Debug;
		};
		48E3C4B5212A95E400D6FAE2 /* Release */ = {
			isa = XCBuildConfiguration;
			buildSettings = {
				ALWAYS_SEARCH_USER_PATHS = NO;
				CLANG_ANALYZER_NONNULL = YES;
				CLANG_ANALYZER_NUMBER_OBJECT_CONVERSION = YES_AGGRESSIVE;
				CLANG_CXX_LANGUAGE_STANDARD = "gnu++14";
				CLANG_CXX_LIBRARY = "libc++";
				CLANG_ENABLE_MODULES = YES;
				CLANG_ENABLE_OBJC_ARC = YES;
				CLANG_ENABLE_OBJC_WEAK = YES;
				CLANG_WARN_BLOCK_CAPTURE_AUTORELEASING = YES;
				CLANG_WARN_BOOL_CONVERSION = YES;
				CLANG_WARN_COMMA = YES;
				CLANG_WARN_CONSTANT_CONVERSION = YES;
				CLANG_WARN_DEPRECATED_OBJC_IMPLEMENTATIONS = YES;
				CLANG_WARN_DIRECT_OBJC_ISA_USAGE = YES_ERROR;
				CLANG_WARN_DOCUMENTATION_COMMENTS = YES;
				CLANG_WARN_EMPTY_BODY = YES;
				CLANG_WARN_ENUM_CONVERSION = YES;
				CLANG_WARN_INFINITE_RECURSION = YES;
				CLANG_WARN_INT_CONVERSION = YES;
				CLANG_WARN_NON_LITERAL_NULL_CONVERSION = YES;
				CLANG_WARN_OBJC_IMPLICIT_RETAIN_SELF = YES;
				CLANG_WARN_OBJC_LITERAL_CONVERSION = YES;
				CLANG_WARN_OBJC_ROOT_CLASS = YES_ERROR;
				CLANG_WARN_RANGE_LOOP_ANALYSIS = YES;
				CLANG_WARN_STRICT_PROTOTYPES = YES;
				CLANG_WARN_SUSPICIOUS_MOVE = YES;
				CLANG_WARN_UNGUARDED_AVAILABILITY = YES_AGGRESSIVE;
				CLANG_WARN_UNREACHABLE_CODE = YES;
				CLANG_WARN__DUPLICATE_METHOD_MATCH = YES;
				CODE_SIGN_IDENTITY = "iPhone Developer";
				COPY_PHASE_STRIP = NO;
				DEBUG_INFORMATION_FORMAT = "dwarf-with-dsym";
				ENABLE_NS_ASSERTIONS = NO;
				ENABLE_STRICT_OBJC_MSGSEND = YES;
				GCC_C_LANGUAGE_STANDARD = gnu11;
				GCC_NO_COMMON_BLOCKS = YES;
				GCC_WARN_64_TO_32_BIT_CONVERSION = YES;
				GCC_WARN_ABOUT_RETURN_TYPE = YES_ERROR;
				GCC_WARN_UNDECLARED_SELECTOR = YES;
				GCC_WARN_UNINITIALIZED_AUTOS = YES_AGGRESSIVE;
				GCC_WARN_UNUSED_FUNCTION = YES;
				GCC_WARN_UNUSED_VARIABLE = YES;
				IPHONEOS_DEPLOYMENT_TARGET = 11.3;
				MTL_ENABLE_DEBUG_INFO = NO;
				SDKROOT = iphoneos;
				VALIDATE_PRODUCT = YES;
			};
			name = Release;
		};
		48E3C4B7212A95E400D6FAE2 /* Debug */ = {
			isa = XCBuildConfiguration;
			baseConfigurationReference = 853A9CF5A80B191CB1532BB1 /* Pods-LZCommonSDK.debug.xcconfig */;
			buildSettings = {
				ASSETCATALOG_COMPILER_APPICON_NAME = AppIcon;
				CODE_SIGN_STYLE = Automatic;
				DEVELOPMENT_TEAM = GY5979G82V;
				GCC_PREFIX_HEADER = "LZCommonSDK/LZCommonSDK-Prefix.pch";
				INFOPLIST_FILE = LZCommonSDK/Info.plist;
				LD_RUNPATH_SEARCH_PATHS = (
					"$(inherited)",
					"@executable_path/Frameworks",
				);
				OTHER_LDFLAGS = (
					"$(inherited)",
					"-ObjC",
					"-l\"Aspects\"",
					"-l\"RegexKitLite\"",
					"-l\"SVProgressHUD\"",
					"-l\"icucore\"",
					"-framework",
					"\"QuartzCore\"",
					"-licucore",
					"-lresolv",
				);
				PRODUCT_BUNDLE_IDENTIFIER = zhenwei.LZCommonSDK;
				PRODUCT_NAME = "$(TARGET_NAME)";
				TARGETED_DEVICE_FAMILY = "1,2";
				WARNING_CFLAGS = (
					"-Wno-deprecated-declarations",
					"-Wno-strict-prototypes",
				);
			};
			name = Debug;
		};
		48E3C4B8212A95E400D6FAE2 /* Release */ = {
			isa = XCBuildConfiguration;
			baseConfigurationReference = 6614E53D96524DC4BB3DB801 /* Pods-LZCommonSDK.release.xcconfig */;
			buildSettings = {
				ASSETCATALOG_COMPILER_APPICON_NAME = AppIcon;
				CODE_SIGN_STYLE = Automatic;
				DEVELOPMENT_TEAM = GY5979G82V;
				GCC_PREFIX_HEADER = "LZCommonSDK/LZCommonSDK-Prefix.pch";
				INFOPLIST_FILE = LZCommonSDK/Info.plist;
				LD_RUNPATH_SEARCH_PATHS = (
					"$(inherited)",
					"@executable_path/Frameworks",
				);
				OTHER_LDFLAGS = (
					"$(inherited)",
					"-ObjC",
					"-l\"Aspects\"",
					"-l\"RegexKitLite\"",
					"-l\"SVProgressHUD\"",
					"-l\"icucore\"",
					"-framework",
					"\"QuartzCore\"",
					"-licucore",
					"-lresolv",
				);
				PRODUCT_BUNDLE_IDENTIFIER = zhenwei.LZCommonSDK;
				PRODUCT_NAME = "$(TARGET_NAME)";
				TARGETED_DEVICE_FAMILY = "1,2";
				WARNING_CFLAGS = (
					"-Wno-deprecated-declarations",
					"-Wno-strict-prototypes",
				);
			};
			name = Release;
		};
/* End XCBuildConfiguration section */

/* Begin XCConfigurationList section */
		48E3C49B212A95E100D6FAE2 /* Build configuration list for PBXProject "LZCommonSDK" */ = {
			isa = XCConfigurationList;
			buildConfigurations = (
				48E3C4B4212A95E400D6FAE2 /* Debug */,
				48E3C4B5212A95E400D6FAE2 /* Release */,
			);
			defaultConfigurationIsVisible = 0;
			defaultConfigurationName = Release;
		};
		48E3C4B6212A95E400D6FAE2 /* Build configuration list for PBXNativeTarget "LZCommonSDK" */ = {
			isa = XCConfigurationList;
			buildConfigurations = (
				48E3C4B7212A95E400D6FAE2 /* Debug */,
				48E3C4B8212A95E400D6FAE2 /* Release */,
			);
			defaultConfigurationIsVisible = 0;
			defaultConfigurationName = Release;
		};
/* End XCConfigurationList section */
	};
	rootObject = 48E3C498212A95E100D6FAE2 /* Project object */;
}
