// !$*UTF8*$!
{
	archiveVersion = 1;
	classes = {
	};
	objectVersion = 50;
	objects = {

/* Begin PBXBuildFile section */
		48E3C4A5212A95E100D6FAE2 /* AppDelegate.m in Sources */ = {isa = PBXBuildFile; fileRef = 48E3C4A4212A95E100D6FAE2 /* AppDelegate.m */; };
		48E3C4A8212A95E200D6FAE2 /* ViewController.m in Sources */ = {isa = PBXBuildFile; fileRef = 48E3C4A7212A95E200D6FAE2 /* ViewController.m */; };
		48E3C4AB212A95E200D6FAE2 /* Main.storyboard in Resources */ = {isa = PBXBuildFile; fileRef = 48E3C4A9212A95E200D6FAE2 /* Main.storyboard */; };
		48E3C4AD212A95E300D6FAE2 /* Assets.xcassets in Resources */ = {isa = PBXBuildFile; fileRef = 48E3C4AC212A95E300D6FAE2 /* Assets.xcassets */; };
		48E3C4B0212A95E300D6FAE2 /* LaunchScreen.storyboard in Resources */ = {isa = PBXBuildFile; fileRef = 48E3C4AE212A95E300D6FAE2 /* LaunchScreen.storyboard */; };
		48E3C4B3212A95E400D6FAE2 /* main.m in Sources */ = {isa = PBXBuildFile; fileRef = 48E3C4B2212A95E400D6FAE2 /* main.m */; };
		48E3C4BA212AA26500D6FAE2 /* LZCommonSDK.podspec in Resources */ = {isa = PBXBuildFile; fileRef = 48E3C4B9212AA26500D6FAE2 /* LZCommonSDK.podspec */; };
		48E3C4E0212AAFF600D6FAE2 /* Podfile in Resources */ = {isa = PBXBuildFile; fileRef = 48E3C4DF212AAFF600D6FAE2 /* Podfile */; };
		48E3C527212AB2A700D6FAE2 /* UIImage+LZHelper.m in Sources */ = {isa = PBXBuildFile; fileRef = 48E3C4E2212AB2A700D6FAE2 /* UIImage+LZHelper.m */; };
		48E3C528212AB2A700D6FAE2 /* UIApplication+LZHelper.m in Sources */ = {isa = PBXBuildFile; fileRef = 48E3C4E4212AB2A700D6FAE2 /* UIApplication+LZHelper.m */; };
		48E3C529212AB2A700D6FAE2 /* NSDate+LZHelper.m in Sources */ = {isa = PBXBuildFile; fileRef = 48E3C4E8212AB2A700D6FAE2 /* NSDate+LZHelper.m */; };
		48E3C52A212AB2A700D6FAE2 /* NSFileManager+LZHelper.m in Sources */ = {isa = PBXBuildFile; fileRef = 48E3C4E9212AB2A700D6FAE2 /* NSFileManager+LZHelper.m */; };
		48E3C52B212AB2A700D6FAE2 /* NSUserDefaults+LZHelper.m in Sources */ = {isa = PBXBuildFile; fileRef = 48E3C4EB212AB2A700D6FAE2 /* NSUserDefaults+LZHelper.m */; };
		48E3C52C212AB2A700D6FAE2 /* UIScreen+LZHelper.m in Sources */ = {isa = PBXBuildFile; fileRef = 48E3C4EF212AB2A700D6FAE2 /* UIScreen+LZHelper.m */; };
		48E3C52D212AB2A700D6FAE2 /* UIViewController+LZHelper.m in Sources */ = {isa = PBXBuildFile; fileRef = 48E3C4F2212AB2A700D6FAE2 /* UIViewController+LZHelper.m */; };
		48E3C52E212AB2A700D6FAE2 /* NSArray+LZHelper.m in Sources */ = {isa = PBXBuildFile; fileRef = 48E3C4F4212AB2A700D6FAE2 /* NSArray+LZHelper.m */; };
		48E3C52F212AB2A700D6FAE2 /* NSMutableArray+LZHelper.m in Sources */ = {isa = PBXBuildFile; fileRef = 48E3C4F8212AB2A700D6FAE2 /* NSMutableArray+LZHelper.m */; };
		48E3C530212AB2A700D6FAE2 /* NSDictionary+LZHelper.m in Sources */ = {isa = PBXBuildFile; fileRef = 48E3C4F9212AB2A700D6FAE2 /* NSDictionary+LZHelper.m */; };
		48E3C531212AB2A700D6FAE2 /* NSNumber+LZHelper.m in Sources */ = {isa = PBXBuildFile; fileRef = 48E3C4FA212AB2A700D6FAE2 /* NSNumber+LZHelper.m */; };
		48E3C532212AB2A700D6FAE2 /* NSMutableString+LZHelper.m in Sources */ = {isa = PBXBuildFile; fileRef = 48E3C4FF212AB2A700D6FAE2 /* NSMutableString+LZHelper.m */; };
		48E3C533212AB2A700D6FAE2 /* NSString+GSUrlEncode.m in Sources */ = {isa = PBXBuildFile; fileRef = 48E3C501212AB2A700D6FAE2 /* NSString+GSUrlEncode.m */; };
		48E3C534212AB2A700D6FAE2 /* NSString+LZHelper.m in Sources */ = {isa = PBXBuildFile; fileRef = 48E3C503212AB2A700D6FAE2 /* NSString+LZHelper.m */; };
		48E3C535212AB2A700D6FAE2 /* NSMutableAttributedString+LZHelper.m in Sources */ = {isa = PBXBuildFile; fileRef = 48E3C504212AB2A700D6FAE2 /* NSMutableAttributedString+LZHelper.m */; };
		48E3C536212AB2A700D6FAE2 /* UITableView+LZHelper.m in Sources */ = {isa = PBXBuildFile; fileRef = 48E3C50A212AB2A700D6FAE2 /* UITableView+LZHelper.m */; };
		48E3C537212AB2A700D6FAE2 /* UIImageView+LZHelper.m in Sources */ = {isa = PBXBuildFile; fileRef = 48E3C50C212AB2A700D6FAE2 /* UIImageView+LZHelper.m */; };
		48E3C538212AB2A700D6FAE2 /* UILabel+LZHelper.m in Sources */ = {isa = PBXBuildFile; fileRef = 48E3C50D212AB2A700D6FAE2 /* UILabel+LZHelper.m */; };
		48E3C539212AB2A700D6FAE2 /* UIView+LZHelper.m in Sources */ = {isa = PBXBuildFile; fileRef = 48E3C50E212AB2A700D6FAE2 /* UIView+LZHelper.m */; };
		48E3C53A212AB2A700D6FAE2 /* UIButton+LZHelper.m in Sources */ = {isa = PBXBuildFile; fileRef = 48E3C510212AB2A700D6FAE2 /* UIButton+LZHelper.m */; };
		48E3C53B212AB2A700D6FAE2 /* UIWebView+LZHelper.m in Sources */ = {isa = PBXBuildFile; fileRef = 48E3C514212AB2A700D6FAE2 /* UIWebView+LZHelper.m */; };
		48E3C53C212AB2A700D6FAE2 /* UIScrollView+LZHelper.m in Sources */ = {isa = PBXBuildFile; fileRef = 48E3C515212AB2A700D6FAE2 /* UIScrollView+LZHelper.m */; };
		48E3C53D212AB2A700D6FAE2 /* UIView+LZFrame.m in Sources */ = {isa = PBXBuildFile; fileRef = 48E3C517212AB2A700D6FAE2 /* UIView+LZFrame.m */; };
		48E3C53E212AB2A700D6FAE2 /* UITextField+LZHelper.m in Sources */ = {isa = PBXBuildFile; fileRef = 48E3C519212AB2A700D6FAE2 /* UITextField+LZHelper.m */; };
		48E3C53F212AB2A700D6FAE2 /* UITableViewCell+LZHelper.m in Sources */ = {isa = PBXBuildFile; fileRef = 48E3C51A212AB2A700D6FAE2 /* UITableViewCell+LZHelper.m */; };
		48E3C540212AB2A700D6FAE2 /* UIView+LZGusture.m in Sources */ = {isa = PBXBuildFile; fileRef = 48E3C51C212AB2A700D6FAE2 /* UIView+LZGusture.m */; };
		48E3C541212AB2A700D6FAE2 /* UIEvent+LZHelper.m in Sources */ = {isa = PBXBuildFile; fileRef = 48E3C51E212AB2A700D6FAE2 /* UIEvent+LZHelper.m */; };
		48E3C542212AB2A700D6FAE2 /* UIPasteboard+LZHelper.m in Sources */ = {isa = PBXBuildFile; fileRef = 48E3C51F212AB2A700D6FAE2 /* UIPasteboard+LZHelper.m */; };
		48E3C543212AB2A700D6FAE2 /* NSURL+LZHelper.m in Sources */ = {isa = PBXBuildFile; fileRef = 48E3C520212AB2A700D6FAE2 /* NSURL+LZHelper.m */; };
		48E3C544212AB2A700D6FAE2 /* NSTimer+LZHelper.m in Sources */ = {isa = PBXBuildFile; fileRef = 48E3C524212AB2A700D6FAE2 /* NSTimer+LZHelper.m */; };
		48E3C545212AB2A700D6FAE2 /* NSObject+LZHelper.m in Sources */ = {isa = PBXBuildFile; fileRef = 48E3C525212AB2A700D6FAE2 /* NSObject+LZHelper.m */; };
		48E3C546212AB2A700D6FAE2 /* UIColor+LZHelper.m in Sources */ = {isa = PBXBuildFile; fileRef = 48E3C526212AB2A700D6FAE2 /* UIColor+LZHelper.m */; };
		48E3C571212AB2CD00D6FAE2 /* LZDispatch.m in Sources */ = {isa = PBXBuildFile; fileRef = 48E3C548212AB2CD00D6FAE2 /* LZDispatch.m */; };
		48E3C572212AB2CD00D6FAE2 /* CGRectExtension.m in Sources */ = {isa = PBXBuildFile; fileRef = 48E3C549212AB2CD00D6FAE2 /* CGRectExtension.m */; };
		48E3C573212AB2CD00D6FAE2 /* LZCommonUtil.m in Sources */ = {isa = PBXBuildFile; fileRef = 48E3C54A212AB2CD00D6FAE2 /* LZCommonUtil.m */; };
		48E3C574212AB2CD00D6FAE2 /* LZRandomUtil.m in Sources */ = {isa = PBXBuildFile; fileRef = 48E3C54B212AB2CD00D6FAE2 /* LZRandomUtil.m */; };
		48E3C575212AB2CD00D6FAE2 /* GSNetworkUtil.m in Sources */ = {isa = PBXBuildFile; fileRef = 48E3C54D212AB2CD00D6FAE2 /* GSNetworkUtil.m */; };
		48E3C576212AB2CD00D6FAE2 /* GSReachabilityUtil.m in Sources */ = {isa = PBXBuildFile; fileRef = 48E3C54E212AB2CD00D6FAE2 /* GSReachabilityUtil.m */; };
		48E3C577212AB2CD00D6FAE2 /* LZMathUtil.m in Sources */ = {isa = PBXBuildFile; fileRef = 48E3C552212AB2CD00D6FAE2 /* LZMathUtil.m */; };
		48E3C578212AB2CD00D6FAE2 /* LZDeviceUtil.m in Sources */ = {isa = PBXBuildFile; fileRef = 48E3C559212AB2CD00D6FAE2 /* LZDeviceUtil.m */; };
		48E3C579212AB2CD00D6FAE2 /* LZAppUtil.m in Sources */ = {isa = PBXBuildFile; fileRef = 48E3C55A212AB2CD00D6FAE2 /* LZAppUtil.m */; };
		48E3C57A212AB2CD00D6FAE2 /* LZScreenUtil.m in Sources */ = {isa = PBXBuildFile; fileRef = 48E3C55B212AB2CD00D6FAE2 /* LZScreenUtil.m */; };
		48E3C57B212AB2CD00D6FAE2 /* LZSystemUtil.m in Sources */ = {isa = PBXBuildFile; fileRef = 48E3C55C212AB2CD00D6FAE2 /* LZSystemUtil.m */; };
		48E3C57C212AB2CD00D6FAE2 /* LZEncryptUtl.m in Sources */ = {isa = PBXBuildFile; fileRef = 48E3C561212AB2CD00D6FAE2 /* LZEncryptUtl.m */; };
		48E3C57D212AB2CD00D6FAE2 /* LZJSONParseUtil.m in Sources */ = {isa = PBXBuildFile; fileRef = 48E3C562212AB2CD00D6FAE2 /* LZJSONParseUtil.m */; };
		48E3C57E212AB2CD00D6FAE2 /* LZImageUtil.m in Sources */ = {isa = PBXBuildFile; fileRef = 48E3C567212AB2CD00D6FAE2 /* LZImageUtil.m */; };
		48E3C57F212AB2CD00D6FAE2 /* LZStringUtil.m in Sources */ = {isa = PBXBuildFile; fileRef = 48E3C568212AB2CD00D6FAE2 /* LZStringUtil.m */; };
		48E3C580212AB2CD00D6FAE2 /* LZVideoUtil.m in Sources */ = {isa = PBXBuildFile; fileRef = 48E3C56B212AB2CD00D6FAE2 /* LZVideoUtil.m */; };
		48E3C581212AB2CD00D6FAE2 /* LZAudioUtil.m in Sources */ = {isa = PBXBuildFile; fileRef = 48E3C56C212AB2CD00D6FAE2 /* LZAudioUtil.m */; };
		48E3C582212AB2CD00D6FAE2 /* LZFileUtil.m in Sources */ = {isa = PBXBuildFile; fileRef = 48E3C570212AB2CD00D6FAE2 /* LZFileUtil.m */; };
		E28AAF6BA1D367BA8224D4D8 /* libPods-LZCommonSDK.a in Frameworks */ = {isa = PBXBuildFile; fileRef = 91DE5AD76EB7AF67337DE318 /* libPods-LZCommonSDK.a */; };
/* End PBXBuildFile section */

/* Begin PBXFileReference section */
		48E3C4A0212A95E100D6FAE2 /* LZCommonSDK.app */ = {isa = PBXFileReference; explicitFileType = wrapper.application; includeInIndex = 0; path = LZCommonSDK.app; sourceTree = BUILT_PRODUCTS_DIR; };
		48E3C4A3212A95E100D6FAE2 /* AppDelegate.h */ = {isa = PBXFileReference; lastKnownFileType = sourcecode.c.h; path = AppDelegate.h; sourceTree = "<group>"; };
		48E3C4A4212A95E100D6FAE2 /* AppDelegate.m */ = {isa = PBXFileReference; lastKnownFileType = sourcecode.c.objc; path = AppDelegate.m; sourceTree = "<group>"; };
		48E3C4A6212A95E200D6FAE2 /* ViewController.h */ = {isa = PBXFileReference; lastKnownFileType = sourcecode.c.h; path = ViewController.h; sourceTree = "<group>"; };
		48E3C4A7212A95E200D6FAE2 /* ViewController.m */ = {isa = PBXFileReference; lastKnownFileType = sourcecode.c.objc; path = ViewController.m; sourceTree = "<group>"; };
		48E3C4AA212A95E200D6FAE2 /* Base */ = {isa = PBXFileReference; lastKnownFileType = file.storyboard; name = Base; path = Base.lproj/Main.storyboard; sourceTree = "<group>"; };
		48E3C4AC212A95E300D6FAE2 /* Assets.xcassets */ = {isa = PBXFileReference; lastKnownFileType = folder.assetcatalog; path = Assets.xcassets; sourceTree = "<group>"; };
		48E3C4AF212A95E300D6FAE2 /* Base */ = {isa = PBXFileReference; lastKnownFileType = file.storyboard; name = Base; path = Base.lproj/LaunchScreen.storyboard; sourceTree = "<group>"; };
		48E3C4B1212A95E300D6FAE2 /* Info.plist */ = {isa = PBXFileReference; lastKnownFileType = text.plist.xml; path = Info.plist; sourceTree = "<group>"; };
		48E3C4B2212A95E400D6FAE2 /* main.m */ = {isa = PBXFileReference; lastKnownFileType = sourcecode.c.objc; path = main.m; sourceTree = "<group>"; };
		48E3C4B9212AA26500D6FAE2 /* LZCommonSDK.podspec */ = {isa = PBXFileReference; fileEncoding = 4; lastKnownFileType = text; name = LZCommonSDK.podspec; path = ../../LZCommonSDK.podspec; sourceTree = "<group>"; };
		48E3C4BC212AA3E100D6FAE2 /* LZMacroDefine.h */ = {isa = PBXFileReference; lastKnownFileType = sourcecode.c.h; path = LZMacroDefine.h; sourceTree = "<group>"; };
		48E3C4DF212AAFF600D6FAE2 /* Podfile */ = {isa = PBXFileReference; fileEncoding = 4; lastKnownFileType = text; path = Podfile; sourceTree = SOURCE_ROOT; };
		48E3C4E2212AB2A700D6FAE2 /* UIImage+LZHelper.m */ = {isa = PBXFileReference; fileEncoding = 4; lastKnownFileType = sourcecode.c.objc; path = "UIImage+LZHelper.m"; sourceTree = "<group>"; };
		48E3C4E3212AB2A700D6FAE2 /* NSNumber+LZHelper.h */ = {isa = PBXFileReference; fileEncoding = 4; lastKnownFileType = sourcecode.c.h; path = "NSNumber+LZHelper.h"; sourceTree = "<group>"; };
		48E3C4E4212AB2A700D6FAE2 /* UIApplication+LZHelper.m */ = {isa = PBXFileReference; fileEncoding = 4; lastKnownFileType = sourcecode.c.objc; path = "UIApplication+LZHelper.m"; sourceTree = "<group>"; };
		48E3C4E5212AB2A700D6FAE2 /* NSURL+LZHelper.h */ = {isa = PBXFileReference; fileEncoding = 4; lastKnownFileType = sourcecode.c.h; path = "NSURL+LZHelper.h"; sourceTree = "<group>"; };
		48E3C4E6212AB2A700D6FAE2 /* UIPasteboard+LZHelper.h */ = {isa = PBXFileReference; fileEncoding = 4; lastKnownFileType = sourcecode.c.h; path = "UIPasteboard+LZHelper.h"; sourceTree = "<group>"; };
		48E3C4E7212AB2A700D6FAE2 /* UIEvent+LZHelper.h */ = {isa = PBXFileReference; fileEncoding = 4; lastKnownFileType = sourcecode.c.h; path = "UIEvent+LZHelper.h"; sourceTree = "<group>"; };
		48E3C4E8212AB2A700D6FAE2 /* NSDate+LZHelper.m */ = {isa = PBXFileReference; fileEncoding = 4; lastKnownFileType = sourcecode.c.objc; path = "NSDate+LZHelper.m"; sourceTree = "<group>"; };
		48E3C4E9212AB2A700D6FAE2 /* NSFileManager+LZHelper.m */ = {isa = PBXFileReference; fileEncoding = 4; lastKnownFileType = sourcecode.c.objc; path = "NSFileManager+LZHelper.m"; sourceTree = "<group>"; };
		48E3C4EA212AB2A700D6FAE2 /* GSHelperSDK.h */ = {isa = PBXFileReference; fileEncoding = 4; lastKnownFileType = sourcecode.c.h; path = GSHelperSDK.h; sourceTree = "<group>"; };
		48E3C4EB212AB2A700D6FAE2 /* NSUserDefaults+LZHelper.m */ = {isa = PBXFileReference; fileEncoding = 4; lastKnownFileType = sourcecode.c.objc; path = "NSUserDefaults+LZHelper.m"; sourceTree = "<group>"; };
		48E3C4EC212AB2A700D6FAE2 /* UIColor+LZHelper.h */ = {isa = PBXFileReference; fileEncoding = 4; lastKnownFileType = sourcecode.c.h; path = "UIColor+LZHelper.h"; sourceTree = "<group>"; };
		48E3C4ED212AB2A700D6FAE2 /* NSObject+LZHelper.h */ = {isa = PBXFileReference; fileEncoding = 4; lastKnownFileType = sourcecode.c.h; path = "NSObject+LZHelper.h"; sourceTree = "<group>"; };
		48E3C4EE212AB2A700D6FAE2 /* NSTimer+LZHelper.h */ = {isa = PBXFileReference; fileEncoding = 4; lastKnownFileType = sourcecode.c.h; path = "NSTimer+LZHelper.h"; sourceTree = "<group>"; };
		48E3C4EF212AB2A700D6FAE2 /* UIScreen+LZHelper.m */ = {isa = PBXFileReference; fileEncoding = 4; lastKnownFileType = sourcecode.c.objc; path = "UIScreen+LZHelper.m"; sourceTree = "<group>"; };
		48E3C4F1212AB2A700D6FAE2 /* UIViewController+LZHelper.h */ = {isa = PBXFileReference; fileEncoding = 4; lastKnownFileType = sourcecode.c.h; path = "UIViewController+LZHelper.h"; sourceTree = "<group>"; };
		48E3C4F2212AB2A700D6FAE2 /* UIViewController+LZHelper.m */ = {isa = PBXFileReference; fileEncoding = 4; lastKnownFileType = sourcecode.c.objc; path = "UIViewController+LZHelper.m"; sourceTree = "<group>"; };
		48E3C4F4212AB2A700D6FAE2 /* NSArray+LZHelper.m */ = {isa = PBXFileReference; fileEncoding = 4; lastKnownFileType = sourcecode.c.objc; path = "NSArray+LZHelper.m"; sourceTree = "<group>"; };
		48E3C4F5212AB2A700D6FAE2 /* NSMutableArray+LZHelper.h */ = {isa = PBXFileReference; fileEncoding = 4; lastKnownFileType = sourcecode.c.h; path = "NSMutableArray+LZHelper.h"; sourceTree = "<group>"; };
		48E3C4F6212AB2A700D6FAE2 /* NSDictionary+LZHelper.h */ = {isa = PBXFileReference; fileEncoding = 4; lastKnownFileType = sourcecode.c.h; path = "NSDictionary+LZHelper.h"; sourceTree = "<group>"; };
		48E3C4F7212AB2A700D6FAE2 /* NSArray+LZHelper.h */ = {isa = PBXFileReference; fileEncoding = 4; lastKnownFileType = sourcecode.c.h; path = "NSArray+LZHelper.h"; sourceTree = "<group>"; };
		48E3C4F8212AB2A700D6FAE2 /* NSMutableArray+LZHelper.m */ = {isa = PBXFileReference; fileEncoding = 4; lastKnownFileType = sourcecode.c.objc; path = "NSMutableArray+LZHelper.m"; sourceTree = "<group>"; };
		48E3C4F9212AB2A700D6FAE2 /* NSDictionary+LZHelper.m */ = {isa = PBXFileReference; fileEncoding = 4; lastKnownFileType = sourcecode.c.objc; path = "NSDictionary+LZHelper.m"; sourceTree = "<group>"; };
		48E3C4FA212AB2A700D6FAE2 /* NSNumber+LZHelper.m */ = {isa = PBXFileReference; fileEncoding = 4; lastKnownFileType = sourcecode.c.objc; path = "NSNumber+LZHelper.m"; sourceTree = "<group>"; };
		48E3C4FB212AB2A700D6FAE2 /* UIApplication+LZHelper.h */ = {isa = PBXFileReference; fileEncoding = 4; lastKnownFileType = sourcecode.c.h; path = "UIApplication+LZHelper.h"; sourceTree = "<group>"; };
		48E3C4FD212AB2A700D6FAE2 /* NSString+GSUrlEncode.h */ = {isa = PBXFileReference; fileEncoding = 4; lastKnownFileType = sourcecode.c.h; path = "NSString+GSUrlEncode.h"; sourceTree = "<group>"; };
		48E3C4FE212AB2A700D6FAE2 /* NSString+LZHelper.h */ = {isa = PBXFileReference; fileEncoding = 4; lastKnownFileType = sourcecode.c.h; path = "NSString+LZHelper.h"; sourceTree = "<group>"; };
		48E3C4FF212AB2A700D6FAE2 /* NSMutableString+LZHelper.m */ = {isa = PBXFileReference; fileEncoding = 4; lastKnownFileType = sourcecode.c.objc; path = "NSMutableString+LZHelper.m"; sourceTree = "<group>"; };
		48E3C500212AB2A700D6FAE2 /* NSMutableAttributedString+LZHelper.h */ = {isa = PBXFileReference; fileEncoding = 4; lastKnownFileType = sourcecode.c.h; path = "NSMutableAttributedString+LZHelper.h"; sourceTree = "<group>"; };
		48E3C501212AB2A700D6FAE2 /* NSString+GSUrlEncode.m */ = {isa = PBXFileReference; fileEncoding = 4; lastKnownFileType = sourcecode.c.objc; path = "NSString+GSUrlEncode.m"; sourceTree = "<group>"; };
		48E3C502212AB2A700D6FAE2 /* NSMutableString+LZHelper.h */ = {isa = PBXFileReference; fileEncoding = 4; lastKnownFileType = sourcecode.c.h; path = "NSMutableString+LZHelper.h"; sourceTree = "<group>"; };
		48E3C503212AB2A700D6FAE2 /* NSString+LZHelper.m */ = {isa = PBXFileReference; fileEncoding = 4; lastKnownFileType = sourcecode.c.objc; path = "NSString+LZHelper.m"; sourceTree = "<group>"; };
		48E3C504212AB2A700D6FAE2 /* NSMutableAttributedString+LZHelper.m */ = {isa = PBXFileReference; fileEncoding = 4; lastKnownFileType = sourcecode.c.objc; path = "NSMutableAttributedString+LZHelper.m"; sourceTree = "<group>"; };
		48E3C505212AB2A700D6FAE2 /* UIImage+LZHelper.h */ = {isa = PBXFileReference; fileEncoding = 4; lastKnownFileType = sourcecode.c.h; path = "UIImage+LZHelper.h"; sourceTree = "<group>"; };
		48E3C506212AB2A700D6FAE2 /* NSDate+LZHelper.h */ = {isa = PBXFileReference; fileEncoding = 4; lastKnownFileType = sourcecode.c.h; path = "NSDate+LZHelper.h"; sourceTree = "<group>"; };
		48E3C508212AB2A700D6FAE2 /* UIWebView+LZHelper.h */ = {isa = PBXFileReference; fileEncoding = 4; lastKnownFileType = sourcecode.c.h; path = "UIWebView+LZHelper.h"; sourceTree = "<group>"; };
		48E3C509212AB2A700D6FAE2 /* UIScrollView+LZHelper.h */ = {isa = PBXFileReference; fileEncoding = 4; lastKnownFileType = sourcecode.c.h; path = "UIScrollView+LZHelper.h"; sourceTree = "<group>"; };
		48E3C50A212AB2A700D6FAE2 /* UITableView+LZHelper.m */ = {isa = PBXFileReference; fileEncoding = 4; lastKnownFileType = sourcecode.c.objc; path = "UITableView+LZHelper.m"; sourceTree = "<group>"; };
		48E3C50B212AB2A700D6FAE2 /* UIView+LZFrame.h */ = {isa = PBXFileReference; fileEncoding = 4; lastKnownFileType = sourcecode.c.h; path = "UIView+LZFrame.h"; sourceTree = "<group>"; };
		48E3C50C212AB2A700D6FAE2 /* UIImageView+LZHelper.m */ = {isa = PBXFileReference; fileEncoding = 4; lastKnownFileType = sourcecode.c.objc; path = "UIImageView+LZHelper.m"; sourceTree = "<group>"; };
		48E3C50D212AB2A700D6FAE2 /* UILabel+LZHelper.m */ = {isa = PBXFileReference; fileEncoding = 4; lastKnownFileType = sourcecode.c.objc; path = "UILabel+LZHelper.m"; sourceTree = "<group>"; };
		48E3C50E212AB2A700D6FAE2 /* UIView+LZHelper.m */ = {isa = PBXFileReference; fileEncoding = 4; lastKnownFileType = sourcecode.c.objc; path = "UIView+LZHelper.m"; sourceTree = "<group>"; };
		48E3C50F212AB2A700D6FAE2 /* UIView+LZGusture.h */ = {isa = PBXFileReference; fileEncoding = 4; lastKnownFileType = sourcecode.c.h; path = "UIView+LZGusture.h"; sourceTree = "<group>"; };
		48E3C510212AB2A700D6FAE2 /* UIButton+LZHelper.m */ = {isa = PBXFileReference; fileEncoding = 4; lastKnownFileType = sourcecode.c.objc; path = "UIButton+LZHelper.m"; sourceTree = "<group>"; };
		48E3C511212AB2A700D6FAE2 /* UITextField+LZHelper.h */ = {isa = PBXFileReference; fileEncoding = 4; lastKnownFileType = sourcecode.c.h; path = "UITextField+LZHelper.h"; sourceTree = "<group>"; };
		48E3C512212AB2A700D6FAE2 /* UITableViewCell+LZHelper.h */ = {isa = PBXFileReference; fileEncoding = 4; lastKnownFileType = sourcecode.c.h; path = "UITableViewCell+LZHelper.h"; sourceTree = "<group>"; };
		48E3C513212AB2A700D6FAE2 /* UITableView+LZHelper.h */ = {isa = PBXFileReference; fileEncoding = 4; lastKnownFileType = sourcecode.c.h; path = "UITableView+LZHelper.h"; sourceTree = "<group>"; };
		48E3C514212AB2A700D6FAE2 /* UIWebView+LZHelper.m */ = {isa = PBXFileReference; fileEncoding = 4; lastKnownFileType = sourcecode.c.objc; path = "UIWebView+LZHelper.m"; sourceTree = "<group>"; };
		48E3C515212AB2A700D6FAE2 /* UIScrollView+LZHelper.m */ = {isa = PBXFileReference; fileEncoding = 4; lastKnownFileType = sourcecode.c.objc; path = "UIScrollView+LZHelper.m"; sourceTree = "<group>"; };
		48E3C516212AB2A700D6FAE2 /* UIImageView+LZHelper.h */ = {isa = PBXFileReference; fileEncoding = 4; lastKnownFileType = sourcecode.c.h; path = "UIImageView+LZHelper.h"; sourceTree = "<group>"; };
		48E3C517212AB2A700D6FAE2 /* UIView+LZFrame.m */ = {isa = PBXFileReference; fileEncoding = 4; lastKnownFileType = sourcecode.c.objc; path = "UIView+LZFrame.m"; sourceTree = "<group>"; };
		48E3C518212AB2A700D6FAE2 /* UILabel+LZHelper.h */ = {isa = PBXFileReference; fileEncoding = 4; lastKnownFileType = sourcecode.c.h; path = "UILabel+LZHelper.h"; sourceTree = "<group>"; };
		48E3C519212AB2A700D6FAE2 /* UITextField+LZHelper.m */ = {isa = PBXFileReference; fileEncoding = 4; lastKnownFileType = sourcecode.c.objc; path = "UITextField+LZHelper.m"; sourceTree = "<group>"; };
		48E3C51A212AB2A700D6FAE2 /* UITableViewCell+LZHelper.m */ = {isa = PBXFileReference; fileEncoding = 4; lastKnownFileType = sourcecode.c.objc; path = "UITableViewCell+LZHelper.m"; sourceTree = "<group>"; };
		48E3C51B212AB2A700D6FAE2 /* UIButton+LZHelper.h */ = {isa = PBXFileReference; fileEncoding = 4; lastKnownFileType = sourcecode.c.h; path = "UIButton+LZHelper.h"; sourceTree = "<group>"; };
		48E3C51C212AB2A700D6FAE2 /* UIView+LZGusture.m */ = {isa = PBXFileReference; fileEncoding = 4; lastKnownFileType = sourcecode.c.objc; path = "UIView+LZGusture.m"; sourceTree = "<group>"; };
		48E3C51D212AB2A700D6FAE2 /* UIView+LZHelper.h */ = {isa = PBXFileReference; fileEncoding = 4; lastKnownFileType = sourcecode.c.h; path = "UIView+LZHelper.h"; sourceTree = "<group>"; };
		48E3C51E212AB2A700D6FAE2 /* UIEvent+LZHelper.m */ = {isa = PBXFileReference; fileEncoding = 4; lastKnownFileType = sourcecode.c.objc; path = "UIEvent+LZHelper.m"; sourceTree = "<group>"; };
		48E3C51F212AB2A700D6FAE2 /* UIPasteboard+LZHelper.m */ = {isa = PBXFileReference; fileEncoding = 4; lastKnownFileType = sourcecode.c.objc; path = "UIPasteboard+LZHelper.m"; sourceTree = "<group>"; };
		48E3C520212AB2A700D6FAE2 /* NSURL+LZHelper.m */ = {isa = PBXFileReference; fileEncoding = 4; lastKnownFileType = sourcecode.c.objc; path = "NSURL+LZHelper.m"; sourceTree = "<group>"; };
		48E3C521212AB2A700D6FAE2 /* NSUserDefaults+LZHelper.h */ = {isa = PBXFileReference; fileEncoding = 4; lastKnownFileType = sourcecode.c.h; path = "NSUserDefaults+LZHelper.h"; sourceTree = "<group>"; };
		48E3C522212AB2A700D6FAE2 /* NSFileManager+LZHelper.h */ = {isa = PBXFileReference; fileEncoding = 4; lastKnownFileType = sourcecode.c.h; path = "NSFileManager+LZHelper.h"; sourceTree = "<group>"; };
		48E3C523212AB2A700D6FAE2 /* UIScreen+LZHelper.h */ = {isa = PBXFileReference; fileEncoding = 4; lastKnownFileType = sourcecode.c.h; path = "UIScreen+LZHelper.h"; sourceTree = "<group>"; };
		48E3C524212AB2A700D6FAE2 /* NSTimer+LZHelper.m */ = {isa = PBXFileReference; fileEncoding = 4; lastKnownFileType = sourcecode.c.objc; path = "NSTimer+LZHelper.m"; sourceTree = "<group>"; };
		48E3C525212AB2A700D6FAE2 /* NSObject+LZHelper.m */ = {isa = PBXFileReference; fileEncoding = 4; lastKnownFileType = sourcecode.c.objc; path = "NSObject+LZHelper.m"; sourceTree = "<group>"; };
		48E3C526212AB2A700D6FAE2 /* UIColor+LZHelper.m */ = {isa = PBXFileReference; fileEncoding = 4; lastKnownFileType = sourcecode.c.objc; path = "UIColor+LZHelper.m"; sourceTree = "<group>"; };
		48E3C548212AB2CD00D6FAE2 /* LZDispatch.m */ = {isa = PBXFileReference; fileEncoding = 4; lastKnownFileType = sourcecode.c.objc; path = LZDispatch.m; sourceTree = "<group>"; };
		48E3C549212AB2CD00D6FAE2 /* CGRectExtension.m */ = {isa = PBXFileReference; fileEncoding = 4; lastKnownFileType = sourcecode.c.objc; path = CGRectExtension.m; sourceTree = "<group>"; };
		48E3C54A212AB2CD00D6FAE2 /* LZCommonUtil.m */ = {isa = PBXFileReference; fileEncoding = 4; lastKnownFileType = sourcecode.c.objc; path = LZCommonUtil.m; sourceTree = "<group>"; };
		48E3C54B212AB2CD00D6FAE2 /* LZRandomUtil.m */ = {isa = PBXFileReference; fileEncoding = 4; lastKnownFileType = sourcecode.c.objc; path = LZRandomUtil.m; sourceTree = "<group>"; };
		48E3C54D212AB2CD00D6FAE2 /* GSNetworkUtil.m */ = {isa = PBXFileReference; fileEncoding = 4; lastKnownFileType = sourcecode.c.objc; path = GSNetworkUtil.m; sourceTree = "<group>"; };
		48E3C54E212AB2CD00D6FAE2 /* GSReachabilityUtil.m */ = {isa = PBXFileReference; fileEncoding = 4; lastKnownFileType = sourcecode.c.objc; path = GSReachabilityUtil.m; sourceTree = "<group>"; };
		48E3C54F212AB2CD00D6FAE2 /* GSNetworkUtil.h */ = {isa = PBXFileReference; fileEncoding = 4; lastKnownFileType = sourcecode.c.h; path = GSNetworkUtil.h; sourceTree = "<group>"; };
		48E3C550212AB2CD00D6FAE2 /* GSReachabilityUtil.h */ = {isa = PBXFileReference; fileEncoding = 4; lastKnownFileType = sourcecode.c.h; path = GSReachabilityUtil.h; sourceTree = "<group>"; };
		48E3C551212AB2CD00D6FAE2 /* LZStringUtil.h */ = {isa = PBXFileReference; fileEncoding = 4; lastKnownFileType = sourcecode.c.h; path = LZStringUtil.h; sourceTree = "<group>"; };
		48E3C552212AB2CD00D6FAE2 /* LZMathUtil.m */ = {isa = PBXFileReference; fileEncoding = 4; lastKnownFileType = sourcecode.c.objc; path = LZMathUtil.m; sourceTree = "<group>"; };
		48E3C553212AB2CD00D6FAE2 /* LZImageUtil.h */ = {isa = PBXFileReference; fileEncoding = 4; lastKnownFileType = sourcecode.c.h; path = LZImageUtil.h; sourceTree = "<group>"; };
		48E3C555212AB2CD00D6FAE2 /* LZAppUtil.h */ = {isa = PBXFileReference; fileEncoding = 4; lastKnownFileType = sourcecode.c.h; path = LZAppUtil.h; sourceTree = "<group>"; };
		48E3C556212AB2CD00D6FAE2 /* LZDeviceUtil.h */ = {isa = PBXFileReference; fileEncoding = 4; lastKnownFileType = sourcecode.c.h; path = LZDeviceUtil.h; sourceTree = "<group>"; };
		48E3C557212AB2CD00D6FAE2 /* LZSystemUtil.h */ = {isa = PBXFileReference; fileEncoding = 4; lastKnownFileType = sourcecode.c.h; path = LZSystemUtil.h; sourceTree = "<group>"; };
		48E3C558212AB2CD00D6FAE2 /* LZScreenUtil.h */ = {isa = PBXFileReference; fileEncoding = 4; lastKnownFileType = sourcecode.c.h; path = LZScreenUtil.h; sourceTree = "<group>"; };
		48E3C559212AB2CD00D6FAE2 /* LZDeviceUtil.m */ = {isa = PBXFileReference; fileEncoding = 4; lastKnownFileType = sourcecode.c.objc; path = LZDeviceUtil.m; sourceTree = "<group>"; };
		48E3C55A212AB2CD00D6FAE2 /* LZAppUtil.m */ = {isa = PBXFileReference; fileEncoding = 4; lastKnownFileType = sourcecode.c.objc; path = LZAppUtil.m; sourceTree = "<group>"; };
		48E3C55B212AB2CD00D6FAE2 /* LZScreenUtil.m */ = {isa = PBXFileReference; fileEncoding = 4; lastKnownFileType = sourcecode.c.objc; path = LZScreenUtil.m; sourceTree = "<group>"; };
		48E3C55C212AB2CD00D6FAE2 /* LZSystemUtil.m */ = {isa = PBXFileReference; fileEncoding = 4; lastKnownFileType = sourcecode.c.objc; path = LZSystemUtil.m; sourceTree = "<group>"; };
		48E3C55D212AB2CD00D6FAE2 /* CGRectExtension.h */ = {isa = PBXFileReference; fileEncoding = 4; lastKnownFileType = sourcecode.c.h; path = CGRectExtension.h; sourceTree = "<group>"; };
		48E3C55E212AB2CD00D6FAE2 /* LZDispatch.h */ = {isa = PBXFileReference; fileEncoding = 4; lastKnownFileType = sourcecode.c.h; path = LZDispatch.h; sourceTree = "<group>"; };
		48E3C560212AB2CD00D6FAE2 /* LZJSONParseUtil.h */ = {isa = PBXFileReference; fileEncoding = 4; lastKnownFileType = sourcecode.c.h; path = LZJSONParseUtil.h; sourceTree = "<group>"; };
		48E3C561212AB2CD00D6FAE2 /* LZEncryptUtl.m */ = {isa = PBXFileReference; fileEncoding = 4; lastKnownFileType = sourcecode.c.objc; path = LZEncryptUtl.m; sourceTree = "<group>"; };
		48E3C562212AB2CD00D6FAE2 /* LZJSONParseUtil.m */ = {isa = PBXFileReference; fileEncoding = 4; lastKnownFileType = sourcecode.c.objc; path = LZJSONParseUtil.m; sourceTree = "<group>"; };
		48E3C563212AB2CD00D6FAE2 /* LZEncryptUtl.h */ = {isa = PBXFileReference; fileEncoding = 4; lastKnownFileType = sourcecode.c.h; path = LZEncryptUtl.h; sourceTree = "<group>"; };
		48E3C564212AB2CD00D6FAE2 /* LZCommonUtil.h */ = {isa = PBXFileReference; fileEncoding = 4; lastKnownFileType = sourcecode.c.h; path = LZCommonUtil.h; sourceTree = "<group>"; };
		48E3C565212AB2CD00D6FAE2 /* LZRandomUtil.h */ = {isa = PBXFileReference; fileEncoding = 4; lastKnownFileType = sourcecode.c.h; path = LZRandomUtil.h; sourceTree = "<group>"; };
		48E3C566212AB2CD00D6FAE2 /* LZMathUtil.h */ = {isa = PBXFileReference; fileEncoding = 4; lastKnownFileType = sourcecode.c.h; path = LZMathUtil.h; sourceTree = "<group>"; };
		48E3C567212AB2CD00D6FAE2 /* LZImageUtil.m */ = {isa = PBXFileReference; fileEncoding = 4; lastKnownFileType = sourcecode.c.objc; path = LZImageUtil.m; sourceTree = "<group>"; };
		48E3C568212AB2CD00D6FAE2 /* LZStringUtil.m */ = {isa = PBXFileReference; fileEncoding = 4; lastKnownFileType = sourcecode.c.objc; path = LZStringUtil.m; sourceTree = "<group>"; };
		48E3C569212AB2CD00D6FAE2 /* LZUtilitiesSDK.h */ = {isa = PBXFileReference; fileEncoding = 4; lastKnownFileType = sourcecode.c.h; path = LZUtilitiesSDK.h; sourceTree = "<group>"; };
		48E3C56B212AB2CD00D6FAE2 /* LZVideoUtil.m */ = {isa = PBXFileReference; fileEncoding = 4; lastKnownFileType = sourcecode.c.objc; path = LZVideoUtil.m; sourceTree = "<group>"; };
		48E3C56C212AB2CD00D6FAE2 /* LZAudioUtil.m */ = {isa = PBXFileReference; fileEncoding = 4; lastKnownFileType = sourcecode.c.objc; path = LZAudioUtil.m; sourceTree = "<group>"; };
		48E3C56D212AB2CD00D6FAE2 /* LZFileUtil.h */ = {isa = PBXFileReference; fileEncoding = 4; lastKnownFileType = sourcecode.c.h; path = LZFileUtil.h; sourceTree = "<group>"; };
		48E3C56E212AB2CD00D6FAE2 /* LZAudioUtil.h */ = {isa = PBXFileReference; fileEncoding = 4; lastKnownFileType = sourcecode.c.h; path = LZAudioUtil.h; sourceTree = "<group>"; };
		48E3C56F212AB2CD00D6FAE2 /* LZVideoUtil.h */ = {isa = PBXFileReference; fileEncoding = 4; lastKnownFileType = sourcecode.c.h; path = LZVideoUtil.h; sourceTree = "<group>"; };
		48E3C570212AB2CD00D6FAE2 /* LZFileUtil.m */ = {isa = PBXFileReference; fileEncoding = 4; lastKnownFileType = sourcecode.c.objc; path = LZFileUtil.m; sourceTree = "<group>"; };
		6614E53D96524DC4BB3DB801 /* Pods-LZCommonSDK.release.xcconfig */ = {isa = PBXFileReference; includeInIndex = 1; lastKnownFileType = text.xcconfig; name = "Pods-LZCommonSDK.release.xcconfig"; path = "Pods/Target Support Files/Pods-LZCommonSDK/Pods-LZCommonSDK.release.xcconfig"; sourceTree = "<group>"; };
		853A9CF5A80B191CB1532BB1 /* Pods-LZCommonSDK.debug.xcconfig */ = {isa = PBXFileReference; includeInIndex = 1; lastKnownFileType = text.xcconfig; name = "Pods-LZCommonSDK.debug.xcconfig"; path = "Pods/Target Support Files/Pods-LZCommonSDK/Pods-LZCommonSDK.debug.xcconfig"; sourceTree = "<group>"; };
		91DE5AD76EB7AF67337DE318 /* libPods-LZCommonSDK.a */ = {isa = PBXFileReference; explicitFileType = archive.ar; includeInIndex = 0; path = "libPods-LZCommonSDK.a"; sourceTree = BUILT_PRODUCTS_DIR; };
/* End PBXFileReference section */

/* Begin PBXFrameworksBuildPhase section */
		48E3C49D212A95E100D6FAE2 /* Frameworks */ = {
			isa = PBXFrameworksBuildPhase;
			buildActionMask = 2147483647;
			files = (
				E28AAF6BA1D367BA8224D4D8 /* libPods-LZCommonSDK.a in Frameworks */,
			);
			runOnlyForDeploymentPostprocessing = 0;
		};
/* End PBXFrameworksBuildPhase section */

/* Begin PBXGroup section */
		0289555860D875E20DDB7B85 /* Frameworks */ = {
			isa = PBXGroup;
			children = (
				91DE5AD76EB7AF67337DE318 /* libPods-LZCommonSDK.a */,
			);
			name = Frameworks;
			sourceTree = "<group>";
		};
		48E3C497212A95E100D6FAE2 = {
			isa = PBXGroup;
			children = (
				48E3C4A2212A95E100D6FAE2 /* LZCommonSDK */,
				48E3C4A1212A95E100D6FAE2 /* Products */,
				ED4EE6B8751F90B767E28100 /* Pods */,
				0289555860D875E20DDB7B85 /* Frameworks */,
			);
			sourceTree = "<group>";
		};
		48E3C4A1212A95E100D6FAE2 /* Products */ = {
			isa = PBXGroup;
			children = (
				48E3C4A0212A95E100D6FAE2 /* LZCommonSDK.app */,
			);
			name = Products;
			sourceTree = "<group>";
		};
		48E3C4A2212A95E100D6FAE2 /* LZCommonSDK */ = {
			isa = PBXGroup;
			children = (
				48E3C4A3212A95E100D6FAE2 /* AppDelegate.h */,
				48E3C4A4212A95E100D6FAE2 /* AppDelegate.m */,
				48E3C4A6212A95E200D6FAE2 /* ViewController.h */,
				48E3C4A7212A95E200D6FAE2 /* ViewController.m */,
				48E3C4BB212AA37600D6FAE2 /* LZCommonSDK */,
				48E3C4A9212A95E200D6FAE2 /* Main.storyboard */,
				48E3C4AC212A95E300D6FAE2 /* Assets.xcassets */,
				48E3C4AE212A95E300D6FAE2 /* LaunchScreen.storyboard */,
				48E3C4B1212A95E300D6FAE2 /* Info.plist */,
				48E3C4B2212A95E400D6FAE2 /* main.m */,
				48E3C4DF212AAFF600D6FAE2 /* Podfile */,
				48E3C4B9212AA26500D6FAE2 /* LZCommonSDK.podspec */,
			);
			path = LZCommonSDK;
			sourceTree = "<group>";
		};
		48E3C4BB212AA37600D6FAE2 /* LZCommonSDK */ = {
			isa = PBXGroup;
			children = (
				48E3C4BC212AA3E100D6FAE2 /* LZMacroDefine.h */,
				48E3C547212AB2CD00D6FAE2 /* utility */,
				48E3C4E1212AB2A700D6FAE2 /* helper */,
			);
			path = LZCommonSDK;
			sourceTree = "<group>";
		};
		48E3C4E1212AB2A700D6FAE2 /* helper */ = {
			isa = PBXGroup;
			children = (
				48E3C505212AB2A700D6FAE2 /* UIImage+LZHelper.h */,
				48E3C4E2212AB2A700D6FAE2 /* UIImage+LZHelper.m */,
				48E3C4E3212AB2A700D6FAE2 /* NSNumber+LZHelper.h */,
				48E3C4FA212AB2A700D6FAE2 /* NSNumber+LZHelper.m */,
				48E3C4FB212AB2A700D6FAE2 /* UIApplication+LZHelper.h */,
				48E3C4E4212AB2A700D6FAE2 /* UIApplication+LZHelper.m */,
				48E3C4E5212AB2A700D6FAE2 /* NSURL+LZHelper.h */,
				48E3C520212AB2A700D6FAE2 /* NSURL+LZHelper.m */,
				48E3C4E6212AB2A700D6FAE2 /* UIPasteboard+LZHelper.h */,
				48E3C51F212AB2A700D6FAE2 /* UIPasteboard+LZHelper.m */,
				48E3C4E7212AB2A700D6FAE2 /* UIEvent+LZHelper.h */,
				48E3C51E212AB2A700D6FAE2 /* UIEvent+LZHelper.m */,
				48E3C506212AB2A700D6FAE2 /* NSDate+LZHelper.h */,
				48E3C4E8212AB2A700D6FAE2 /* NSDate+LZHelper.m */,
				48E3C522212AB2A700D6FAE2 /* NSFileManager+LZHelper.h */,
				48E3C4E9212AB2A700D6FAE2 /* NSFileManager+LZHelper.m */,
				48E3C4EA212AB2A700D6FAE2 /* GSHelperSDK.h */,
				48E3C521212AB2A700D6FAE2 /* NSUserDefaults+LZHelper.h */,
				48E3C4EB212AB2A700D6FAE2 /* NSUserDefaults+LZHelper.m */,
				48E3C4EC212AB2A700D6FAE2 /* UIColor+LZHelper.h */,
				48E3C526212AB2A700D6FAE2 /* UIColor+LZHelper.m */,
				48E3C4ED212AB2A700D6FAE2 /* NSObject+LZHelper.h */,
				48E3C525212AB2A700D6FAE2 /* NSObject+LZHelper.m */,
				48E3C4EE212AB2A700D6FAE2 /* NSTimer+LZHelper.h */,
				48E3C524212AB2A700D6FAE2 /* NSTimer+LZHelper.m */,
				48E3C523212AB2A700D6FAE2 /* UIScreen+LZHelper.h */,
				48E3C4EF212AB2A700D6FAE2 /* UIScreen+LZHelper.m */,
				48E3C4F0212AB2A700D6FAE2 /* controller */,
				48E3C4F3212AB2A700D6FAE2 /* stroage */,
				48E3C4FC212AB2A700D6FAE2 /* NSString */,
				48E3C507212AB2A700D6FAE2 /* view */,
			);
			path = helper;
			sourceTree = "<group>";
		};
		48E3C4F0212AB2A700D6FAE2 /* controller */ = {
			isa = PBXGroup;
			children = (
				48E3C4F1212AB2A700D6FAE2 /* UIViewController+LZHelper.h */,
				48E3C4F2212AB2A700D6FAE2 /* UIViewController+LZHelper.m */,
			);
			path = controller;
			sourceTree = "<group>";
		};
		48E3C4F3212AB2A700D6FAE2 /* stroage */ = {
			isa = PBXGroup;
			children = (
				48E3C4F7212AB2A700D6FAE2 /* NSArray+LZHelper.h */,
				48E3C4F4212AB2A700D6FAE2 /* NSArray+LZHelper.m */,
				48E3C4F5212AB2A700D6FAE2 /* NSMutableArray+LZHelper.h */,
				48E3C4F8212AB2A700D6FAE2 /* NSMutableArray+LZHelper.m */,
				48E3C4F6212AB2A700D6FAE2 /* NSDictionary+LZHelper.h */,
				48E3C4F9212AB2A700D6FAE2 /* NSDictionary+LZHelper.m */,
			);
			path = stroage;
			sourceTree = "<group>";
		};
		48E3C4FC212AB2A700D6FAE2 /* NSString */ = {
			isa = PBXGroup;
			children = (
				48E3C4FD212AB2A700D6FAE2 /* NSString+GSUrlEncode.h */,
				48E3C501212AB2A700D6FAE2 /* NSString+GSUrlEncode.m */,
				48E3C4FE212AB2A700D6FAE2 /* NSString+LZHelper.h */,
				48E3C503212AB2A700D6FAE2 /* NSString+LZHelper.m */,
				48E3C502212AB2A700D6FAE2 /* NSMutableString+LZHelper.h */,
				48E3C4FF212AB2A700D6FAE2 /* NSMutableString+LZHelper.m */,
				48E3C500212AB2A700D6FAE2 /* NSMutableAttributedString+LZHelper.h */,
				48E3C504212AB2A700D6FAE2 /* NSMutableAttributedString+LZHelper.m */,
			);
			path = NSString;
			sourceTree = "<group>";
		};
		48E3C507212AB2A700D6FAE2 /* view */ = {
			isa = PBXGroup;
			children = (
				48E3C508212AB2A700D6FAE2 /* UIWebView+LZHelper.h */,
				48E3C513212AB2A700D6FAE2 /* UITableView+LZHelper.h */,
				48E3C509212AB2A700D6FAE2 /* UIScrollView+LZHelper.h */,
				48E3C515212AB2A700D6FAE2 /* UIScrollView+LZHelper.m */,
				48E3C514212AB2A700D6FAE2 /* UIWebView+LZHelper.m */,
				48E3C50A212AB2A700D6FAE2 /* UITableView+LZHelper.m */,
				48E3C50B212AB2A700D6FAE2 /* UIView+LZFrame.h */,
				48E3C517212AB2A700D6FAE2 /* UIView+LZFrame.m */,
				48E3C50C212AB2A700D6FAE2 /* UIImageView+LZHelper.m */,
				48E3C516212AB2A700D6FAE2 /* UIImageView+LZHelper.h */,
				48E3C50D212AB2A700D6FAE2 /* UILabel+LZHelper.m */,
				48E3C518212AB2A700D6FAE2 /* UILabel+LZHelper.h */,
				48E3C51D212AB2A700D6FAE2 /* UIView+LZHelper.h */,
				48E3C50E212AB2A700D6FAE2 /* UIView+LZHelper.m */,
				48E3C50F212AB2A700D6FAE2 /* UIView+LZGusture.h */,
				48E3C51C212AB2A700D6FAE2 /* UIView+LZGusture.m */,
				48E3C51B212AB2A700D6FAE2 /* UIButton+LZHelper.h */,
				48E3C510212AB2A700D6FAE2 /* UIButton+LZHelper.m */,
				48E3C511212AB2A700D6FAE2 /* UITextField+LZHelper.h */,
				48E3C512212AB2A700D6FAE2 /* UITableViewCell+LZHelper.h */,
				48E3C51A212AB2A700D6FAE2 /* UITableViewCell+LZHelper.m */,
				48E3C519212AB2A700D6FAE2 /* UITextField+LZHelper.m */,
			);
			path = view;
			sourceTree = "<group>";
		};
		48E3C547212AB2CD00D6FAE2 /* utility */ = {
			isa = PBXGroup;
			children = (
				48E3C55E212AB2CD00D6FAE2 /* LZDispatch.h */,
				48E3C548212AB2CD00D6FAE2 /* LZDispatch.m */,
				48E3C55D212AB2CD00D6FAE2 /* CGRectExtension.h */,
				48E3C549212AB2CD00D6FAE2 /* CGRectExtension.m */,
				48E3C564212AB2CD00D6FAE2 /* LZCommonUtil.h */,
				48E3C54A212AB2CD00D6FAE2 /* LZCommonUtil.m */,
				48E3C565212AB2CD00D6FAE2 /* LZRandomUtil.h */,
				48E3C54B212AB2CD00D6FAE2 /* LZRandomUtil.m */,
				48E3C54C212AB2CD00D6FAE2 /* network */,
				48E3C551212AB2CD00D6FAE2 /* LZStringUtil.h */,
				48E3C568212AB2CD00D6FAE2 /* LZStringUtil.m */,
				48E3C566212AB2CD00D6FAE2 /* LZMathUtil.h */,
				48E3C552212AB2CD00D6FAE2 /* LZMathUtil.m */,
				48E3C553212AB2CD00D6FAE2 /* LZImageUtil.h */,
				48E3C567212AB2CD00D6FAE2 /* LZImageUtil.m */,
				48E3C554212AB2CD00D6FAE2 /* about */,
				48E3C55F212AB2CD00D6FAE2 /* codding */,
				48E3C569212AB2CD00D6FAE2 /* LZUtilitiesSDK.h */,
				48E3C56A212AB2CD00D6FAE2 /* media */,
			);
			path = utility;
			sourceTree = "<group>";
		};
		48E3C54C212AB2CD00D6FAE2 /* network */ = {
			isa = PBXGroup;
			children = (
				48E3C54D212AB2CD00D6FAE2 /* GSNetworkUtil.m */,
				48E3C54E212AB2CD00D6FAE2 /* GSReachabilityUtil.m */,
				48E3C54F212AB2CD00D6FAE2 /* GSNetworkUtil.h */,
				48E3C550212AB2CD00D6FAE2 /* GSReachabilityUtil.h */,
			);
			path = network;
			sourceTree = "<group>";
		};
		48E3C554212AB2CD00D6FAE2 /* about */ = {
			isa = PBXGroup;
			children = (
				48E3C555212AB2CD00D6FAE2 /* LZAppUtil.h */,
				48E3C55A212AB2CD00D6FAE2 /* LZAppUtil.m */,
				48E3C556212AB2CD00D6FAE2 /* LZDeviceUtil.h */,
				48E3C558212AB2CD00D6FAE2 /* LZScreenUtil.h */,
				48E3C55B212AB2CD00D6FAE2 /* LZScreenUtil.m */,
				48E3C559212AB2CD00D6FAE2 /* LZDeviceUtil.m */,
				48E3C557212AB2CD00D6FAE2 /* LZSystemUtil.h */,
				48E3C55C212AB2CD00D6FAE2 /* LZSystemUtil.m */,
			);
			path = about;
			sourceTree = "<group>";
		};
		48E3C55F212AB2CD00D6FAE2 /* codding */ = {
			isa = PBXGroup;
			children = (
				48E3C560212AB2CD00D6FAE2 /* LZJSONParseUtil.h */,
				48E3C562212AB2CD00D6FAE2 /* LZJSONParseUtil.m */,
				48E3C561212AB2CD00D6FAE2 /* LZEncryptUtl.m */,
				48E3C563212AB2CD00D6FAE2 /* LZEncryptUtl.h */,
			);
			path = codding;
			sourceTree = "<group>";
		};
		48E3C56A212AB2CD00D6FAE2 /* media */ = {
			isa = PBXGroup;
			children = (
				48E3C56F212AB2CD00D6FAE2 /* LZVideoUtil.h */,
				48E3C56B212AB2CD00D6FAE2 /* LZVideoUtil.m */,
				48E3C56C212AB2CD00D6FAE2 /* LZAudioUtil.m */,
				48E3C56E212AB2CD00D6FAE2 /* LZAudioUtil.h */,
				48E3C56D212AB2CD00D6FAE2 /* LZFileUtil.h */,
				48E3C570212AB2CD00D6FAE2 /* LZFileUtil.m */,
			);
			path = media;
			sourceTree = "<group>";
		};
		ED4EE6B8751F90B767E28100 /* Pods */ = {
			isa = PBXGroup;
			children = (
				853A9CF5A80B191CB1532BB1 /* Pods-LZCommonSDK.debug.xcconfig */,
				6614E53D96524DC4BB3DB801 /* Pods-LZCommonSDK.release.xcconfig */,
			);
			name = Pods;
			sourceTree = "<group>";
		};
/* End PBXGroup section */

/* Begin PBXNativeTarget section */
		48E3C49F212A95E100D6FAE2 /* LZCommonSDK */ = {
			isa = PBXNativeTarget;
			buildConfigurationList = 48E3C4B6212A95E400D6FAE2 /* Build configuration list for PBXNativeTarget "LZCommonSDK" */;
			buildPhases = (
				D7323688AE9AB784DFBDB9D5 /* [CP] Check Pods Manifest.lock */,
				48E3C49C212A95E100D6FAE2 /* Sources */,
				48E3C49D212A95E100D6FAE2 /* Frameworks */,
				48E3C49E212A95E100D6FAE2 /* Resources */,
				01F568AC4EBF8C8B60B2ABB9 /* [CP] Copy Pods Resources */,
			);
			buildRules = (
			);
			dependencies = (
			);
			name = LZCommonSDK;
			productName = LZCommonSDK;
			productReference = 48E3C4A0212A95E100D6FAE2 /* LZCommonSDK.app */;
			productType = "com.apple.product-type.application";
		};
/* End PBXNativeTarget section */

/* Begin PBXProject section */
		48E3C498212A95E100D6FAE2 /* Project object */ = {
			isa = PBXProject;
			attributes = {
				LastUpgradeCheck = 0930;
				ORGANIZATIONNAME = zhenwei;
				TargetAttributes = {
					48E3C49F212A95E100D6FAE2 = {
						CreatedOnToolsVersion = 9.3.1;
					};
				};
			};
			buildConfigurationList = 48E3C49B212A95E100D6FAE2 /* Build configuration list for PBXProject "LZCommonSDK" */;
			compatibilityVersion = "Xcode 9.3";
			developmentRegion = en;
			hasScannedForEncodings = 0;
			knownRegions = (
				en,
				Base,
			);
			mainGroup = 48E3C497212A95E100D6FAE2;
			productRefGroup = 48E3C4A1212A95E100D6FAE2 /* Products */;
			projectDirPath = "";
			projectRoot = "";
			targets = (
				48E3C49F212A95E100D6FAE2 /* LZCommonSDK */,
			);
		};
/* End PBXProject section */

/* Begin PBXResourcesBuildPhase section */
		48E3C49E212A95E100D6FAE2 /* Resources */ = {
			isa = PBXResourcesBuildPhase;
			buildActionMask = 2147483647;
			files = (
				48E3C4E0212AAFF600D6FAE2 /* Podfile in Resources */,
				48E3C4BA212AA26500D6FAE2 /* LZCommonSDK.podspec in Resources */,
				48E3C4B0212A95E300D6FAE2 /* LaunchScreen.storyboard in Resources */,
				48E3C4AD212A95E300D6FAE2 /* Assets.xcassets in Resources */,
				48E3C4AB212A95E200D6FAE2 /* Main.storyboard in Resources */,
			);
			runOnlyForDeploymentPostprocessing = 0;
		};
/* End PBXResourcesBuildPhase section */

/* Begin PBXShellScriptBuildPhase section */
		01F568AC4EBF8C8B60B2ABB9 /* [CP] Copy Pods Resources */ = {
			isa = PBXShellScriptBuildPhase;
			buildActionMask = 2147483647;
			files = (
			);
			inputPaths = (
				"${SRCROOT}/Pods/Target Support Files/Pods-LZCommonSDK/Pods-LZCommonSDK-resources.sh",
				"${PODS_ROOT}/SVProgressHUD/SVProgressHUD/SVProgressHUD.bundle",
			);
			name = "[CP] Copy Pods Resources";
			outputPaths = (
				"${TARGET_BUILD_DIR}/${UNLOCALIZED_RESOURCES_FOLDER_PATH}/SVProgressHUD.bundle",
			);
			runOnlyForDeploymentPostprocessing = 0;
			shellPath = /bin/sh;
			shellScript = "\"${SRCROOT}/Pods/Target Support Files/Pods-LZCommonSDK/Pods-LZCommonSDK-resources.sh\"\n";
			showEnvVarsInLog = 0;
		};
		D7323688AE9AB784DFBDB9D5 /* [CP] Check Pods Manifest.lock */ = {
			isa = PBXShellScriptBuildPhase;
			buildActionMask = 2147483647;
			files = (
			);
			inputPaths = (
				"${PODS_PODFILE_DIR_PATH}/Podfile.lock",
				"${PODS_ROOT}/Manifest.lock",
			);
			name = "[CP] Check Pods Manifest.lock";
			outputPaths = (
				"$(DERIVED_FILE_DIR)/Pods-LZCommonSDK-checkManifestLockResult.txt",
			);
			runOnlyForDeploymentPostprocessing = 0;
			shellPath = /bin/sh;
			shellScript = "diff \"${PODS_PODFILE_DIR_PATH}/Podfile.lock\" \"${PODS_ROOT}/Manifest.lock\" > /dev/null\nif [ $? != 0 ] ; then\n    # print error to STDERR\n    echo \"error: The sandbox is not in sync with the Podfile.lock. Run 'pod install' or update your CocoaPods installation.\" >&2\n    exit 1\nfi\n# This output is used by Xcode 'outputs' to avoid re-running this script phase.\necho \"SUCCESS\" > \"${SCRIPT_OUTPUT_FILE_0}\"\n";
			showEnvVarsInLog = 0;
		};
/* End PBXShellScriptBuildPhase section */

/* Begin PBXSourcesBuildPhase section */
		48E3C49C212A95E100D6FAE2 /* Sources */ = {
			isa = PBXSourcesBuildPhase;
			buildActionMask = 2147483647;
			files = (
				48E3C535212AB2A700D6FAE2 /* NSMutableAttributedString+LZHelper.m in Sources */,
				48E3C582212AB2CD00D6FAE2 /* LZFileUtil.m in Sources */,
				48E3C52C212AB2A700D6FAE2 /* UIScreen+LZHelper.m in Sources */,
				48E3C531212AB2A700D6FAE2 /* NSNumber+LZHelper.m in Sources */,
				48E3C529212AB2A700D6FAE2 /* NSDate+LZHelper.m in Sources */,
				48E3C575212AB2CD00D6FAE2 /* GSNetworkUtil.m in Sources */,
				48E3C543212AB2A700D6FAE2 /* NSURL+LZHelper.m in Sources */,
				48E3C581212AB2CD00D6FAE2 /* LZAudioUtil.m in Sources */,
				48E3C52B212AB2A700D6FAE2 /* NSUserDefaults+LZHelper.m in Sources */,
				48E3C530212AB2A700D6FAE2 /* NSDictionary+LZHelper.m in Sources */,
				48E3C52E212AB2A700D6FAE2 /* NSArray+LZHelper.m in Sources */,
				48E3C544212AB2A700D6FAE2 /* NSTimer+LZHelper.m in Sources */,
				48E3C53F212AB2A700D6FAE2 /* UITableViewCell+LZHelper.m in Sources */,
				48E3C4A8212A95E200D6FAE2 /* ViewController.m in Sources */,
				48E3C4B3212A95E400D6FAE2 /* main.m in Sources */,
				48E3C4A5212A95E100D6FAE2 /* AppDelegate.m in Sources */,
				48E3C53A212AB2A700D6FAE2 /* UIButton+LZHelper.m in Sources */,
				48E3C540212AB2A700D6FAE2 /* UIView+LZGusture.m in Sources */,
				48E3C53B212AB2A700D6FAE2 /* UIWebView+LZHelper.m in Sources */,
				48E3C542212AB2A700D6FAE2 /* UIPasteboard+LZHelper.m in Sources */,
				48E3C572212AB2CD00D6FAE2 /* CGRectExtension.m in Sources */,
				48E3C57A212AB2CD00D6FAE2 /* LZScreenUtil.m in Sources */,
				48E3C541212AB2A700D6FAE2 /* UIEvent+LZHelper.m in Sources */,
				48E3C53C212AB2A700D6FAE2 /* UIScrollView+LZHelper.m in Sources */,
				48E3C573212AB2CD00D6FAE2 /* LZCommonUtil.m in Sources */,
				48E3C532212AB2A700D6FAE2 /* NSMutableString+LZHelper.m in Sources */,
				48E3C578212AB2CD00D6FAE2 /* LZDeviceUtil.m in Sources */,
				48E3C57E212AB2CD00D6FAE2 /* LZImageUtil.m in Sources */,
				48E3C57D212AB2CD00D6FAE2 /* LZJSONParseUtil.m in Sources */,
				48E3C528212AB2A700D6FAE2 /* UIApplication+LZHelper.m in Sources */,
				48E3C52A212AB2A700D6FAE2 /* NSFileManager+LZHelper.m in Sources */,
				48E3C577212AB2CD00D6FAE2 /* LZMathUtil.m in Sources */,
				48E3C57F212AB2CD00D6FAE2 /* LZStringUtil.m in Sources */,
				48E3C52D212AB2A700D6FAE2 /* UIViewController+LZHelper.m in Sources */,
				48E3C545212AB2A700D6FAE2 /* NSObject+LZHelper.m in Sources */,
				48E3C537212AB2A700D6FAE2 /* UIImageView+LZHelper.m in Sources */,
				48E3C571212AB2CD00D6FAE2 /* LZDispatch.m in Sources */,
				48E3C574212AB2CD00D6FAE2 /* LZRandomUtil.m in Sources */,
				48E3C546212AB2A700D6FAE2 /* UIColor+LZHelper.m in Sources */,
				48E3C538212AB2A700D6FAE2 /* UILabel+LZHelper.m in Sources */,
				48E3C534212AB2A700D6FAE2 /* NSString+LZHelper.m in Sources */,
				48E3C579212AB2CD00D6FAE2 /* LZAppUtil.m in Sources */,
				48E3C580212AB2CD00D6FAE2 /* LZVideoUtil.m in Sources */,
				48E3C57C212AB2CD00D6FAE2 /* LZEncryptUtl.m in Sources */,
				48E3C527212AB2A700D6FAE2 /* UIImage+LZHelper.m in Sources */,
				48E3C57B212AB2CD00D6FAE2 /* LZSystemUtil.m in Sources */,
				48E3C539212AB2A700D6FAE2 /* UIView+LZHelper.m in Sources */,
				48E3C53D212AB2A700D6FAE2 /* UIView+LZFrame.m in Sources */,
				48E3C536212AB2A700D6FAE2 /* UITableView+LZHelper.m in Sources */,
				48E3C52F212AB2A700D6FAE2 /* NSMutableArray+LZHelper.m in Sources */,
				48E3C533212AB2A700D6FAE2 /* NSString+GSUrlEncode.m in Sources */,
				48E3C53E212AB2A700D6FAE2 /* UITextField+LZHelper.m in Sources */,
				48E3C576212AB2CD00D6FAE2 /* GSReachabilityUtil.m in Sources */,
			);
			runOnlyForDeploymentPostprocessing = 0;
		};
/* End PBXSourcesBuildPhase section */

/* Begin PBXVariantGroup section */
		48E3C4A9212A95E200D6FAE2 /* Main.storyboard */ = {
			isa = PBXVariantGroup;
			children = (
				48E3C4AA212A95E200D6FAE2 /* Base */,
			);
			name = Main.storyboard;
			sourceTree = "<group>";
		};
		48E3C4AE212A95E300D6FAE2 /* LaunchScreen.storyboard */ = {
			isa = PBXVariantGroup;
			children = (
				48E3C4AF212A95E300D6FAE2 /* Base */,
			);
			name = LaunchScreen.storyboard;
			sourceTree = "<group>";
		};
/* End PBXVariantGroup section */

/* Begin XCBuildConfiguration section */
		48E3C4B4212A95E400D6FAE2 /* Debug */ = {
			isa = XCBuildConfiguration;
			buildSettings = {
				ALWAYS_SEARCH_USER_PATHS = NO;
				CLANG_ANALYZER_NONNULL = YES;
				CLANG_ANALYZER_NUMBER_OBJECT_CONVERSION = YES_AGGRESSIVE;
				CLANG_CXX_LANGUAGE_STANDARD = "gnu++14";
				CLANG_CXX_LIBRARY = "libc++";
				CLANG_ENABLE_MODULES = YES;
				CLANG_ENABLE_OBJC_ARC = YES;
				CLANG_ENABLE_OBJC_WEAK = YES;
				CLANG_WARN_BLOCK_CAPTURE_AUTORELEASING = YES;
				CLANG_WARN_BOOL_CONVERSION = YES;
				CLANG_WARN_COMMA = YES;
				CLANG_WARN_CONSTANT_CONVERSION = YES;
				CLANG_WARN_DEPRECATED_OBJC_IMPLEMENTATIONS = YES;
				CLANG_WARN_DIRECT_OBJC_ISA_USAGE = YES_ERROR;
				CLANG_WARN_DOCUMENTATION_COMMENTS = YES;
				CLANG_WARN_EMPTY_BODY = YES;
				CLANG_WARN_ENUM_CONVERSION = YES;
				CLANG_WARN_INFINITE_RECURSION = YES;
				CLANG_WARN_INT_CONVERSION = YES;
				CLANG_WARN_NON_LITERAL_NULL_CONVERSION = YES;
				CLANG_WARN_OBJC_IMPLICIT_RETAIN_SELF = YES;
				CLANG_WARN_OBJC_LITERAL_CONVERSION = YES;
				CLANG_WARN_OBJC_ROOT_CLASS = YES_ERROR;
				CLANG_WARN_RANGE_LOOP_ANALYSIS = YES;
				CLANG_WARN_STRICT_PROTOTYPES = YES;
				CLANG_WARN_SUSPICIOUS_MOVE = YES;
				CLANG_WARN_UNGUARDED_AVAILABILITY = YES_AGGRESSIVE;
				CLANG_WARN_UNREACHABLE_CODE = YES;
				CLANG_WARN__DUPLICATE_METHOD_MATCH = YES;
				CODE_SIGN_IDENTITY = "iPhone Developer";
				COPY_PHASE_STRIP = NO;
				DEBUG_INFORMATION_FORMAT = dwarf;
				ENABLE_STRICT_OBJC_MSGSEND = YES;
				ENABLE_TESTABILITY = YES;
				GCC_C_LANGUAGE_STANDARD = gnu11;
				GCC_DYNAMIC_NO_PIC = NO;
				GCC_NO_COMMON_BLOCKS = YES;
				GCC_OPTIMIZATION_LEVEL = 0;
				GCC_PREPROCESSOR_DEFINITIONS = (
					"DEBUG=1",
					"$(inherited)",
				);
				GCC_WARN_64_TO_32_BIT_CONVERSION = YES;
				GCC_WARN_ABOUT_RETURN_TYPE = YES_ERROR;
				GCC_WARN_UNDECLARED_SELECTOR = YES;
				GCC_WARN_UNINITIALIZED_AUTOS = YES_AGGRESSIVE;
				GCC_WARN_UNUSED_FUNCTION = YES;
				GCC_WARN_UNUSED_VARIABLE = YES;
				IPHONEOS_DEPLOYMENT_TARGET = 11.3;
				MTL_ENABLE_DEBUG_INFO = YES;
				ONLY_ACTIVE_ARCH = YES;
				SDKROOT = iphoneos;
			};
			name = Debug;
		};
		48E3C4B5212A95E400D6FAE2 /* Release */ = {
			isa = XCBuildConfiguration;
			buildSettings = {
				ALWAYS_SEARCH_USER_PATHS = NO;
				CLANG_ANALYZER_NONNULL = YES;
				CLANG_ANALYZER_NUMBER_OBJECT_CONVERSION = YES_AGGRESSIVE;
				CLANG_CXX_LANGUAGE_STANDARD = "gnu++14";
				CLANG_CXX_LIBRARY = "libc++";
				CLANG_ENABLE_MODULES = YES;
				CLANG_ENABLE_OBJC_ARC = YES;
				CLANG_ENABLE_OBJC_WEAK = YES;
				CLANG_WARN_BLOCK_CAPTURE_AUTORELEASING = YES;
				CLANG_WARN_BOOL_CONVERSION = YES;
				CLANG_WARN_COMMA = YES;
				CLANG_WARN_CONSTANT_CONVERSION = YES;
				CLANG_WARN_DEPRECATED_OBJC_IMPLEMENTATIONS = YES;
				CLANG_WARN_DIRECT_OBJC_ISA_USAGE = YES_ERROR;
				CLANG_WARN_DOCUMENTATION_COMMENTS = YES;
				CLANG_WARN_EMPTY_BODY = YES;
				CLANG_WARN_ENUM_CONVERSION = YES;
				CLANG_WARN_INFINITE_RECURSION = YES;
				CLANG_WARN_INT_CONVERSION = YES;
				CLANG_WARN_NON_LITERAL_NULL_CONVERSION = YES;
				CLANG_WARN_OBJC_IMPLICIT_RETAIN_SELF = YES;
				CLANG_WARN_OBJC_LITERAL_CONVERSION = YES;
				CLANG_WARN_OBJC_ROOT_CLASS = YES_ERROR;
				CLANG_WARN_RANGE_LOOP_ANALYSIS = YES;
				CLANG_WARN_STRICT_PROTOTYPES = YES;
				CLANG_WARN_SUSPICIOUS_MOVE = YES;
				CLANG_WARN_UNGUARDED_AVAILABILITY = YES_AGGRESSIVE;
				CLANG_WARN_UNREACHABLE_CODE = YES;
				CLANG_WARN__DUPLICATE_METHOD_MATCH = YES;
				CODE_SIGN_IDENTITY = "iPhone Developer";
				COPY_PHASE_STRIP = NO;
				DEBUG_INFORMATION_FORMAT = "dwarf-with-dsym";
				ENABLE_NS_ASSERTIONS = NO;
				ENABLE_STRICT_OBJC_MSGSEND = YES;
				GCC_C_LANGUAGE_STANDARD = gnu11;
				GCC_NO_COMMON_BLOCKS = YES;
				GCC_WARN_64_TO_32_BIT_CONVERSION = YES;
				GCC_WARN_ABOUT_RETURN_TYPE = YES_ERROR;
				GCC_WARN_UNDECLARED_SELECTOR = YES;
				GCC_WARN_UNINITIALIZED_AUTOS = YES_AGGRESSIVE;
				GCC_WARN_UNUSED_FUNCTION = YES;
				GCC_WARN_UNUSED_VARIABLE = YES;
				IPHONEOS_DEPLOYMENT_TARGET = 11.3;
				MTL_ENABLE_DEBUG_INFO = NO;
				SDKROOT = iphoneos;
				VALIDATE_PRODUCT = YES;
			};
			name = Release;
		};
		48E3C4B7212A95E400D6FAE2 /* Debug */ = {
			isa = XCBuildConfiguration;
			baseConfigurationReference = 853A9CF5A80B191CB1532BB1 /* Pods-LZCommonSDK.debug.xcconfig */;
			buildSettings = {
				ASSETCATALOG_COMPILER_APPICON_NAME = AppIcon;
				CODE_SIGN_STYLE = Automatic;
				DEVELOPMENT_TEAM = GY5979G82V;
				INFOPLIST_FILE = LZCommonSDK/Info.plist;
				LD_RUNPATH_SEARCH_PATHS = (
					"$(inherited)",
					"@executable_path/Frameworks",
				);
				PRODUCT_BUNDLE_IDENTIFIER = zhenwei.LZCommonSDK;
				PRODUCT_NAME = "$(TARGET_NAME)";
				TARGETED_DEVICE_FAMILY = "1,2";
			};
			name = Debug;
		};
		48E3C4B8212A95E400D6FAE2 /* Release */ = {
			isa = XCBuildConfiguration;
			baseConfigurationReference = 6614E53D96524DC4BB3DB801 /* Pods-LZCommonSDK.release.xcconfig */;
			buildSettings = {
				ASSETCATALOG_COMPILER_APPICON_NAME = AppIcon;
				CODE_SIGN_STYLE = Automatic;
				DEVELOPMENT_TEAM = GY5979G82V;
				INFOPLIST_FILE = LZCommonSDK/Info.plist;
				LD_RUNPATH_SEARCH_PATHS = (
					"$(inherited)",
					"@executable_path/Frameworks",
				);
				PRODUCT_BUNDLE_IDENTIFIER = zhenwei.LZCommonSDK;
				PRODUCT_NAME = "$(TARGET_NAME)";
				TARGETED_DEVICE_FAMILY = "1,2";
			};
			name = Release;
		};
/* End XCBuildConfiguration section */

/* Begin XCConfigurationList section */
		48E3C49B212A95E100D6FAE2 /* Build configuration list for PBXProject "LZCommonSDK" */ = {
			isa = XCConfigurationList;
			buildConfigurations = (
				48E3C4B4212A95E400D6FAE2 /* Debug */,
				48E3C4B5212A95E400D6FAE2 /* Release */,
			);
			defaultConfigurationIsVisible = 0;
			defaultConfigurationName = Release;
		};
		48E3C4B6212A95E400D6FAE2 /* Build configuration list for PBXNativeTarget "LZCommonSDK" */ = {
			isa = XCConfigurationList;
			buildConfigurations = (
				48E3C4B7212A95E400D6FAE2 /* Debug */,
				48E3C4B8212A95E400D6FAE2 /* Release */,
			);
			defaultConfigurationIsVisible = 0;
			defaultConfigurationName = Release;
		};
/* End XCConfigurationList section */
	};
	rootObject = 48E3C498212A95E100D6FAE2 /* Project object */;
}
